// !$*UTF8*$!
{
	archiveVersion = 1;
	classes = {
	};
	objectVersion = 52;
	objects = {

/* Begin PBXBuildFile section */
		6206B33C0966D8C6F4BD67D0 /* Pods_MoodTrackerTests.framework in Frameworks */ = {isa = PBXBuildFile; fileRef = 88BC917164053E2B9669134F /* Pods_MoodTrackerTests.framework */; };
		C4613007E58B533086856E44 /* Pods_MoodTracker.framework in Frameworks */ = {isa = PBXBuildFile; fileRef = E84C96CB88D4B5EC3098C21E /* Pods_MoodTracker.framework */; };
		F9B2CEA7664894B32BA20256 /* Pods_MoodTracker_MoodTrackerUITests.framework in Frameworks */ = {isa = PBXBuildFile; fileRef = EFA9938DDD0EBA7BFD0D2EB6 /* Pods_MoodTracker_MoodTrackerUITests.framework */; };
		FC3A898826A054BF0048E4ED /* EditType.swift in Sources */ = {isa = PBXBuildFile; fileRef = FC3A898726A054BF0048E4ED /* EditType.swift */; };
		FC3A898C26A0584D0048E4ED /* MoodSliderCell.swift in Sources */ = {isa = PBXBuildFile; fileRef = FC3A898B26A0584D0048E4ED /* MoodSliderCell.swift */; };
		FC3A898E26A058D90048E4ED /* PhysSliderCell.swift in Sources */ = {isa = PBXBuildFile; fileRef = FC3A898D26A058D90048E4ED /* PhysSliderCell.swift */; };
		FC3A899126A05B330048E4ED /* TextView.swift in Sources */ = {isa = PBXBuildFile; fileRef = FC3A899026A05B330048E4ED /* TextView.swift */; };
		FC6C56DC266000FB000188A6 /* AppDelegate.swift in Sources */ = {isa = PBXBuildFile; fileRef = FC6C56DB266000FB000188A6 /* AppDelegate.swift */; };
		FC6C56DE266000FB000188A6 /* SceneDelegate.swift in Sources */ = {isa = PBXBuildFile; fileRef = FC6C56DD266000FB000188A6 /* SceneDelegate.swift */; };
		FC6C56E3266000FB000188A6 /* Main.storyboard in Resources */ = {isa = PBXBuildFile; fileRef = FC6C56E1266000FB000188A6 /* Main.storyboard */; };
		FC6C56E5266000FD000188A6 /* Assets.xcassets in Resources */ = {isa = PBXBuildFile; fileRef = FC6C56E4266000FD000188A6 /* Assets.xcassets */; };
		FC6C56E8266000FD000188A6 /* LaunchScreen.storyboard in Resources */ = {isa = PBXBuildFile; fileRef = FC6C56E6266000FD000188A6 /* LaunchScreen.storyboard */; };
		FC6C56F3266000FD000188A6 /* MoodTrackerTests.swift in Sources */ = {isa = PBXBuildFile; fileRef = FC6C56F2266000FD000188A6 /* MoodTrackerTests.swift */; };
		FC6C56FE266000FD000188A6 /* MoodTrackerUITests.swift in Sources */ = {isa = PBXBuildFile; fileRef = FC6C56FD266000FD000188A6 /* MoodTrackerUITests.swift */; };
		FC6C58A3266136E5000188A6 /* SwiftUIPreview.swift in Sources */ = {isa = PBXBuildFile; fileRef = FC6C58A2266136E5000188A6 /* SwiftUIPreview.swift */; };
		FC6C58A72661377A000188A6 /* NewNoteVC.swift in Sources */ = {isa = PBXBuildFile; fileRef = FC6C58A62661377A000188A6 /* NewNoteVC.swift */; };
		FC6C58AC26613C32000188A6 /* TableView.swift in Sources */ = {isa = PBXBuildFile; fileRef = FC6C58AB26613C32000188A6 /* TableView.swift */; };
		FC6C58AF26613D0C000188A6 /* SnapKit in Frameworks */ = {isa = PBXBuildFile; productRef = FC6C58AE26613D0C000188A6 /* SnapKit */; };
		FC6C58B126613D53000188A6 /* CellWithSlider.swift in Sources */ = {isa = PBXBuildFile; fileRef = FC6C58B026613D53000188A6 /* CellWithSlider.swift */; };
		FC6C58B426614B65000188A6 /* CommentCell.swift in Sources */ = {isa = PBXBuildFile; fileRef = FC6C58B326614B65000188A6 /* CommentCell.swift */; };
		FC6C58B62663CFB9000188A6 /* HashtagCollectionCell.swift in Sources */ = {isa = PBXBuildFile; fileRef = FC6C58B52663CFB9000188A6 /* HashtagCollectionCell.swift */; };
		FC6C58B92663D1DB000188A6 /* UIUtils.swift in Sources */ = {isa = PBXBuildFile; fileRef = FC6C58B82663D1DB000188A6 /* UIUtils.swift */; };
		FC6C58BC2663D3B3000188A6 /* HashtagCollectionView.swift in Sources */ = {isa = PBXBuildFile; fileRef = FC6C58BB2663D3B3000188A6 /* HashtagCollectionView.swift */; };
		FC6C58C02663D640000188A6 /* HashtagCell.swift in Sources */ = {isa = PBXBuildFile; fileRef = FC6C58BF2663D640000188A6 /* HashtagCell.swift */; };
		FC6C58C22663DB6F000188A6 /* CollectionHeaderView.swift in Sources */ = {isa = PBXBuildFile; fileRef = FC6C58C12663DB6F000188A6 /* CollectionHeaderView.swift */; };
		FC6C58E526653526000188A6 /* NewNoteVM.swift in Sources */ = {isa = PBXBuildFile; fileRef = FC6C58E426653526000188A6 /* NewNoteVM.swift */; };
		FC6C58EB26653AF6000188A6 /* CellVM.swift in Sources */ = {isa = PBXBuildFile; fileRef = FC6C58EA26653AF6000188A6 /* CellVM.swift */; };
		FC76B39326810F7700AF209F /* Cell.swift in Sources */ = {isa = PBXBuildFile; fileRef = FC76B39226810F7700AF209F /* Cell.swift */; };
		FC7E6D1726AB03AC00126B97 /* NotesRepository.swift in Sources */ = {isa = PBXBuildFile; fileRef = FC7E6D1626AB03AC00126B97 /* NotesRepository.swift */; };
		FC7E6D1E26AB1A2600126B97 /* DiaryVC.swift in Sources */ = {isa = PBXBuildFile; fileRef = FC7E6D1D26AB1A2600126B97 /* DiaryVC.swift */; };
		FC7E6D2026AB1F6400126B97 /* DiaryCell.swift in Sources */ = {isa = PBXBuildFile; fileRef = FC7E6D1F26AB1F6400126B97 /* DiaryCell.swift */; };
		FC7E6D2326AB1FF400126B97 /* ScoreTimeView.swift in Sources */ = {isa = PBXBuildFile; fileRef = FC7E6D2226AB1FF400126B97 /* ScoreTimeView.swift */; };
		FC7E6D2526ABFA6F00126B97 /* TabBarController.swift in Sources */ = {isa = PBXBuildFile; fileRef = FC7E6D2426ABFA6F00126B97 /* TabBarController.swift */; };
		FC7E6D2826AC019C00126B97 /* Constants.swift in Sources */ = {isa = PBXBuildFile; fileRef = FC7E6D2726AC019C00126B97 /* Constants.swift */; };
		FC7E6D2A26AC037900126B97 /* UIImage.swift in Sources */ = {isa = PBXBuildFile; fileRef = FC7E6D2926AC037900126B97 /* UIImage.swift */; };
		FC7E6D5E26AC31A500126B97 /* SPIndicator in Frameworks */ = {isa = PBXBuildFile; productRef = FC7E6D5D26AC31A500126B97 /* SPIndicator */; };
		FC7E6D6026AC349400126B97 /* BaseViewController.swift in Sources */ = {isa = PBXBuildFile; fileRef = FC7E6D5F26AC349400126B97 /* BaseViewController.swift */; };
		FC7E6D8526AC4A8200126B97 /* DateModel.swift in Sources */ = {isa = PBXBuildFile; fileRef = FC7E6D8426AC4A8200126B97 /* DateModel.swift */; };
		FC7E6D8726AC4A8E00126B97 /* Year.swift in Sources */ = {isa = PBXBuildFile; fileRef = FC7E6D8626AC4A8E00126B97 /* Year.swift */; };
		FC7E6D8A26AC4AA200126B97 /* Month.swift in Sources */ = {isa = PBXBuildFile; fileRef = FC7E6D8926AC4AA200126B97 /* Month.swift */; };
		FC7E6D8C26AC4AB600126B97 /* Day.swift in Sources */ = {isa = PBXBuildFile; fileRef = FC7E6D8B26AC4AB600126B97 /* Day.swift */; };
		FC7E6D9226AC542F00126B97 /* RealmSwift in Frameworks */ = {isa = PBXBuildFile; productRef = FC7E6D9126AC542F00126B97 /* RealmSwift */; };
		FC7E6D9426AC57EC00126B97 /* Result.swift in Sources */ = {isa = PBXBuildFile; fileRef = FC7E6D9326AC57EC00126B97 /* Result.swift */; };
		FC7E6D9726AC625800126B97 /* DiaryVM.swift in Sources */ = {isa = PBXBuildFile; fileRef = FC7E6D9626AC625800126B97 /* DiaryVM.swift */; };
		FC7E6D9926AC8A2E00126B97 /* DiaryTableSectionHeader.swift in Sources */ = {isa = PBXBuildFile; fileRef = FC7E6D9826AC8A2E00126B97 /* DiaryTableSectionHeader.swift */; };
		FC7E6D9B26AC927900126B97 /* SplitDate.swift in Sources */ = {isa = PBXBuildFile; fileRef = FC7E6D9A26AC927900126B97 /* SplitDate.swift */; };
		FC7E6D9D26AC9A7500126B97 /* Note.swift in Sources */ = {isa = PBXBuildFile; fileRef = FC7E6D9C26AC9A7500126B97 /* Note.swift */; };
		FC7E6D9F26AD290E00126B97 /* RealmHelper.swift in Sources */ = {isa = PBXBuildFile; fileRef = FC7E6D9E26AD290E00126B97 /* RealmHelper.swift */; };
		FC7E6DA126AD4CD200126B97 /* EmptyView.swift in Sources */ = {isa = PBXBuildFile; fileRef = FC7E6DA026AD4CD200126B97 /* EmptyView.swift */; };
		FCD9AB4B268A321200817746 /* TableDataProvider.swift in Sources */ = {isa = PBXBuildFile; fileRef = FCD9AB4A268A321200817746 /* TableDataProvider.swift */; };
		FCD9AB4D268A333900817746 /* TableSection.swift in Sources */ = {isa = PBXBuildFile; fileRef = FCD9AB4C268A333900817746 /* TableSection.swift */; };
		FCD9AB50268A336C00817746 /* CellData.swift in Sources */ = {isa = PBXBuildFile; fileRef = FCD9AB4F268A336C00817746 /* CellData.swift */; };
		FCD9AB53268A34C600817746 /* NewNoteTableDataProvider.swift in Sources */ = {isa = PBXBuildFile; fileRef = FCD9AB52268A34C600817746 /* NewNoteTableDataProvider.swift */; };
		FCD9AB55268A3F3500817746 /* ViewControllerVM.swift in Sources */ = {isa = PBXBuildFile; fileRef = FCD9AB54268A3F3500817746 /* ViewControllerVM.swift */; };
/* End PBXBuildFile section */

/* Begin PBXContainerItemProxy section */
		FC6C56EF266000FD000188A6 /* PBXContainerItemProxy */ = {
			isa = PBXContainerItemProxy;
			containerPortal = FC6C56D0266000FB000188A6 /* Project object */;
			proxyType = 1;
			remoteGlobalIDString = FC6C56D7266000FB000188A6;
			remoteInfo = MoodTracker;
		};
		FC6C56FA266000FD000188A6 /* PBXContainerItemProxy */ = {
			isa = PBXContainerItemProxy;
			containerPortal = FC6C56D0266000FB000188A6 /* Project object */;
			proxyType = 1;
			remoteGlobalIDString = FC6C56D7266000FB000188A6;
			remoteInfo = MoodTracker;
		};
/* End PBXContainerItemProxy section */

/* Begin PBXFileReference section */
		00AC08954F05F8051533C779 /* Pods-MoodTrackerTests.debug.xcconfig */ = {isa = PBXFileReference; includeInIndex = 1; lastKnownFileType = text.xcconfig; name = "Pods-MoodTrackerTests.debug.xcconfig"; path = "Target Support Files/Pods-MoodTrackerTests/Pods-MoodTrackerTests.debug.xcconfig"; sourceTree = "<group>"; };
		0CA8D6736739D7600CBD0EE4 /* Pods-MoodTracker-MoodTrackerUITests.debug.xcconfig */ = {isa = PBXFileReference; includeInIndex = 1; lastKnownFileType = text.xcconfig; name = "Pods-MoodTracker-MoodTrackerUITests.debug.xcconfig"; path = "Target Support Files/Pods-MoodTracker-MoodTrackerUITests/Pods-MoodTracker-MoodTrackerUITests.debug.xcconfig"; sourceTree = "<group>"; };
		11717DD0989A8242719EAC3A /* Pods-MoodTrackerTests.release.xcconfig */ = {isa = PBXFileReference; includeInIndex = 1; lastKnownFileType = text.xcconfig; name = "Pods-MoodTrackerTests.release.xcconfig"; path = "Target Support Files/Pods-MoodTrackerTests/Pods-MoodTrackerTests.release.xcconfig"; sourceTree = "<group>"; };
		2D68912B52DABC0E63F96262 /* Pods-MoodTracker-MoodTrackerUITests.release.xcconfig */ = {isa = PBXFileReference; includeInIndex = 1; lastKnownFileType = text.xcconfig; name = "Pods-MoodTracker-MoodTrackerUITests.release.xcconfig"; path = "Target Support Files/Pods-MoodTracker-MoodTrackerUITests/Pods-MoodTracker-MoodTrackerUITests.release.xcconfig"; sourceTree = "<group>"; };
		88BC917164053E2B9669134F /* Pods_MoodTrackerTests.framework */ = {isa = PBXFileReference; explicitFileType = wrapper.framework; includeInIndex = 0; path = Pods_MoodTrackerTests.framework; sourceTree = BUILT_PRODUCTS_DIR; };
		CA6C5EB3BF013189738B8CD1 /* Pods-MoodTracker.release.xcconfig */ = {isa = PBXFileReference; includeInIndex = 1; lastKnownFileType = text.xcconfig; name = "Pods-MoodTracker.release.xcconfig"; path = "Target Support Files/Pods-MoodTracker/Pods-MoodTracker.release.xcconfig"; sourceTree = "<group>"; };
		E84C96CB88D4B5EC3098C21E /* Pods_MoodTracker.framework */ = {isa = PBXFileReference; explicitFileType = wrapper.framework; includeInIndex = 0; path = Pods_MoodTracker.framework; sourceTree = BUILT_PRODUCTS_DIR; };
		EFA9938DDD0EBA7BFD0D2EB6 /* Pods_MoodTracker_MoodTrackerUITests.framework */ = {isa = PBXFileReference; explicitFileType = wrapper.framework; includeInIndex = 0; path = Pods_MoodTracker_MoodTrackerUITests.framework; sourceTree = BUILT_PRODUCTS_DIR; };
		FC3A898726A054BF0048E4ED /* EditType.swift */ = {isa = PBXFileReference; lastKnownFileType = sourcecode.swift; path = EditType.swift; sourceTree = "<group>"; };
		FC3A898B26A0584D0048E4ED /* MoodSliderCell.swift */ = {isa = PBXFileReference; lastKnownFileType = sourcecode.swift; path = MoodSliderCell.swift; sourceTree = "<group>"; };
		FC3A898D26A058D90048E4ED /* PhysSliderCell.swift */ = {isa = PBXFileReference; lastKnownFileType = sourcecode.swift; path = PhysSliderCell.swift; sourceTree = "<group>"; };
		FC3A899026A05B330048E4ED /* TextView.swift */ = {isa = PBXFileReference; lastKnownFileType = sourcecode.swift; path = TextView.swift; sourceTree = "<group>"; };
		FC6C56D8266000FB000188A6 /* MoodTracker.app */ = {isa = PBXFileReference; explicitFileType = wrapper.application; includeInIndex = 0; path = MoodTracker.app; sourceTree = BUILT_PRODUCTS_DIR; };
		FC6C56DB266000FB000188A6 /* AppDelegate.swift */ = {isa = PBXFileReference; lastKnownFileType = sourcecode.swift; path = AppDelegate.swift; sourceTree = "<group>"; };
		FC6C56DD266000FB000188A6 /* SceneDelegate.swift */ = {isa = PBXFileReference; lastKnownFileType = sourcecode.swift; path = SceneDelegate.swift; sourceTree = "<group>"; };
		FC6C56E2266000FB000188A6 /* Base */ = {isa = PBXFileReference; lastKnownFileType = file.storyboard; name = Base; path = Base.lproj/Main.storyboard; sourceTree = "<group>"; };
		FC6C56E4266000FD000188A6 /* Assets.xcassets */ = {isa = PBXFileReference; lastKnownFileType = folder.assetcatalog; path = Assets.xcassets; sourceTree = "<group>"; };
		FC6C56E7266000FD000188A6 /* Base */ = {isa = PBXFileReference; lastKnownFileType = file.storyboard; name = Base; path = Base.lproj/LaunchScreen.storyboard; sourceTree = "<group>"; };
		FC6C56E9266000FD000188A6 /* Info.plist */ = {isa = PBXFileReference; lastKnownFileType = text.plist.xml; path = Info.plist; sourceTree = "<group>"; };
		FC6C56EE266000FD000188A6 /* MoodTrackerTests.xctest */ = {isa = PBXFileReference; explicitFileType = wrapper.cfbundle; includeInIndex = 0; path = MoodTrackerTests.xctest; sourceTree = BUILT_PRODUCTS_DIR; };
		FC6C56F2266000FD000188A6 /* MoodTrackerTests.swift */ = {isa = PBXFileReference; lastKnownFileType = sourcecode.swift; path = MoodTrackerTests.swift; sourceTree = "<group>"; };
		FC6C56F4266000FD000188A6 /* Info.plist */ = {isa = PBXFileReference; lastKnownFileType = text.plist.xml; path = Info.plist; sourceTree = "<group>"; };
		FC6C56F9266000FD000188A6 /* MoodTrackerUITests.xctest */ = {isa = PBXFileReference; explicitFileType = wrapper.cfbundle; includeInIndex = 0; path = MoodTrackerUITests.xctest; sourceTree = BUILT_PRODUCTS_DIR; };
		FC6C56FD266000FD000188A6 /* MoodTrackerUITests.swift */ = {isa = PBXFileReference; lastKnownFileType = sourcecode.swift; path = MoodTrackerUITests.swift; sourceTree = "<group>"; };
		FC6C56FF266000FD000188A6 /* Info.plist */ = {isa = PBXFileReference; lastKnownFileType = text.plist.xml; path = Info.plist; sourceTree = "<group>"; };
		FC6C58A2266136E5000188A6 /* SwiftUIPreview.swift */ = {isa = PBXFileReference; lastKnownFileType = sourcecode.swift; path = SwiftUIPreview.swift; sourceTree = "<group>"; };
		FC6C58A62661377A000188A6 /* NewNoteVC.swift */ = {isa = PBXFileReference; lastKnownFileType = sourcecode.swift; path = NewNoteVC.swift; sourceTree = "<group>"; };
		FC6C58AB26613C32000188A6 /* TableView.swift */ = {isa = PBXFileReference; lastKnownFileType = sourcecode.swift; path = TableView.swift; sourceTree = "<group>"; };
		FC6C58B026613D53000188A6 /* CellWithSlider.swift */ = {isa = PBXFileReference; lastKnownFileType = sourcecode.swift; path = CellWithSlider.swift; sourceTree = "<group>"; };
		FC6C58B326614B65000188A6 /* CommentCell.swift */ = {isa = PBXFileReference; lastKnownFileType = sourcecode.swift; path = CommentCell.swift; sourceTree = "<group>"; };
		FC6C58B52663CFB9000188A6 /* HashtagCollectionCell.swift */ = {isa = PBXFileReference; lastKnownFileType = sourcecode.swift; path = HashtagCollectionCell.swift; sourceTree = "<group>"; };
		FC6C58B82663D1DB000188A6 /* UIUtils.swift */ = {isa = PBXFileReference; lastKnownFileType = sourcecode.swift; path = UIUtils.swift; sourceTree = "<group>"; };
		FC6C58BB2663D3B3000188A6 /* HashtagCollectionView.swift */ = {isa = PBXFileReference; lastKnownFileType = sourcecode.swift; path = HashtagCollectionView.swift; sourceTree = "<group>"; };
		FC6C58BF2663D640000188A6 /* HashtagCell.swift */ = {isa = PBXFileReference; lastKnownFileType = sourcecode.swift; path = HashtagCell.swift; sourceTree = "<group>"; };
		FC6C58C12663DB6F000188A6 /* CollectionHeaderView.swift */ = {isa = PBXFileReference; lastKnownFileType = sourcecode.swift; path = CollectionHeaderView.swift; sourceTree = "<group>"; };
		FC6C58E426653526000188A6 /* NewNoteVM.swift */ = {isa = PBXFileReference; lastKnownFileType = sourcecode.swift; path = NewNoteVM.swift; sourceTree = "<group>"; };
		FC6C58EA26653AF6000188A6 /* CellVM.swift */ = {isa = PBXFileReference; lastKnownFileType = sourcecode.swift; path = CellVM.swift; sourceTree = "<group>"; };
		FC76B39226810F7700AF209F /* Cell.swift */ = {isa = PBXFileReference; lastKnownFileType = sourcecode.swift; path = Cell.swift; sourceTree = "<group>"; };
		FC7E6D1626AB03AC00126B97 /* NotesRepository.swift */ = {isa = PBXFileReference; lastKnownFileType = sourcecode.swift; path = NotesRepository.swift; sourceTree = "<group>"; };
		FC7E6D1D26AB1A2600126B97 /* DiaryVC.swift */ = {isa = PBXFileReference; lastKnownFileType = sourcecode.swift; path = DiaryVC.swift; sourceTree = "<group>"; };
		FC7E6D1F26AB1F6400126B97 /* DiaryCell.swift */ = {isa = PBXFileReference; lastKnownFileType = sourcecode.swift; path = DiaryCell.swift; sourceTree = "<group>"; };
		FC7E6D2226AB1FF400126B97 /* ScoreTimeView.swift */ = {isa = PBXFileReference; lastKnownFileType = sourcecode.swift; path = ScoreTimeView.swift; sourceTree = "<group>"; };
		FC7E6D2426ABFA6F00126B97 /* TabBarController.swift */ = {isa = PBXFileReference; lastKnownFileType = sourcecode.swift; path = TabBarController.swift; sourceTree = "<group>"; };
		FC7E6D2726AC019C00126B97 /* Constants.swift */ = {isa = PBXFileReference; lastKnownFileType = sourcecode.swift; path = Constants.swift; sourceTree = "<group>"; };
		FC7E6D2926AC037900126B97 /* UIImage.swift */ = {isa = PBXFileReference; lastKnownFileType = sourcecode.swift; path = UIImage.swift; sourceTree = "<group>"; };
		FC7E6D5F26AC349400126B97 /* BaseViewController.swift */ = {isa = PBXFileReference; lastKnownFileType = sourcecode.swift; path = BaseViewController.swift; sourceTree = "<group>"; };
		FC7E6D8426AC4A8200126B97 /* DateModel.swift */ = {isa = PBXFileReference; lastKnownFileType = sourcecode.swift; path = DateModel.swift; sourceTree = "<group>"; };
		FC7E6D8626AC4A8E00126B97 /* Year.swift */ = {isa = PBXFileReference; lastKnownFileType = sourcecode.swift; path = Year.swift; sourceTree = "<group>"; };
		FC7E6D8926AC4AA200126B97 /* Month.swift */ = {isa = PBXFileReference; lastKnownFileType = sourcecode.swift; path = Month.swift; sourceTree = "<group>"; };
		FC7E6D8B26AC4AB600126B97 /* Day.swift */ = {isa = PBXFileReference; lastKnownFileType = sourcecode.swift; path = Day.swift; sourceTree = "<group>"; };
		FC7E6D9326AC57EC00126B97 /* Result.swift */ = {isa = PBXFileReference; lastKnownFileType = sourcecode.swift; path = Result.swift; sourceTree = "<group>"; };
		FC7E6D9626AC625800126B97 /* DiaryVM.swift */ = {isa = PBXFileReference; lastKnownFileType = sourcecode.swift; path = DiaryVM.swift; sourceTree = "<group>"; };
		FC7E6D9826AC8A2E00126B97 /* DiaryTableSectionHeader.swift */ = {isa = PBXFileReference; lastKnownFileType = sourcecode.swift; path = DiaryTableSectionHeader.swift; sourceTree = "<group>"; };
		FC7E6D9A26AC927900126B97 /* SplitDate.swift */ = {isa = PBXFileReference; lastKnownFileType = sourcecode.swift; path = SplitDate.swift; sourceTree = "<group>"; };
		FC7E6D9C26AC9A7500126B97 /* Note.swift */ = {isa = PBXFileReference; fileEncoding = 4; lastKnownFileType = sourcecode.swift; name = Note.swift; path = MoodTracker/App/Models/Note.swift; sourceTree = SOURCE_ROOT; };
		FC7E6D9E26AD290E00126B97 /* RealmHelper.swift */ = {isa = PBXFileReference; lastKnownFileType = sourcecode.swift; path = RealmHelper.swift; sourceTree = "<group>"; };
		FC7E6DA026AD4CD200126B97 /* EmptyView.swift */ = {isa = PBXFileReference; lastKnownFileType = sourcecode.swift; path = EmptyView.swift; sourceTree = "<group>"; };
		FCD9AB4A268A321200817746 /* TableDataProvider.swift */ = {isa = PBXFileReference; lastKnownFileType = sourcecode.swift; path = TableDataProvider.swift; sourceTree = "<group>"; };
		FCD9AB4C268A333900817746 /* TableSection.swift */ = {isa = PBXFileReference; lastKnownFileType = sourcecode.swift; path = TableSection.swift; sourceTree = "<group>"; };
		FCD9AB4F268A336C00817746 /* CellData.swift */ = {isa = PBXFileReference; lastKnownFileType = sourcecode.swift; path = CellData.swift; sourceTree = "<group>"; };
		FCD9AB52268A34C600817746 /* NewNoteTableDataProvider.swift */ = {isa = PBXFileReference; lastKnownFileType = sourcecode.swift; path = NewNoteTableDataProvider.swift; sourceTree = "<group>"; };
		FCD9AB54268A3F3500817746 /* ViewControllerVM.swift */ = {isa = PBXFileReference; lastKnownFileType = sourcecode.swift; path = ViewControllerVM.swift; sourceTree = "<group>"; };
		FE567E62EC97C22098BE6314 /* Pods-MoodTracker.debug.xcconfig */ = {isa = PBXFileReference; includeInIndex = 1; lastKnownFileType = text.xcconfig; name = "Pods-MoodTracker.debug.xcconfig"; path = "Target Support Files/Pods-MoodTracker/Pods-MoodTracker.debug.xcconfig"; sourceTree = "<group>"; };
/* End PBXFileReference section */

/* Begin PBXFrameworksBuildPhase section */
		FC6C56D5266000FB000188A6 /* Frameworks */ = {
			isa = PBXFrameworksBuildPhase;
			buildActionMask = 2147483647;
			files = (
				FC7E6D9226AC542F00126B97 /* RealmSwift in Frameworks */,
				C4613007E58B533086856E44 /* Pods_MoodTracker.framework in Frameworks */,
				FC6C58AF26613D0C000188A6 /* SnapKit in Frameworks */,
				FC7E6D5E26AC31A500126B97 /* SPIndicator in Frameworks */,
			);
			runOnlyForDeploymentPostprocessing = 0;
		};
		FC6C56EB266000FD000188A6 /* Frameworks */ = {
			isa = PBXFrameworksBuildPhase;
			buildActionMask = 2147483647;
			files = (
				6206B33C0966D8C6F4BD67D0 /* Pods_MoodTrackerTests.framework in Frameworks */,
			);
			runOnlyForDeploymentPostprocessing = 0;
		};
		FC6C56F6266000FD000188A6 /* Frameworks */ = {
			isa = PBXFrameworksBuildPhase;
			buildActionMask = 2147483647;
			files = (
				F9B2CEA7664894B32BA20256 /* Pods_MoodTracker_MoodTrackerUITests.framework in Frameworks */,
			);
			runOnlyForDeploymentPostprocessing = 0;
		};
/* End PBXFrameworksBuildPhase section */

/* Begin PBXGroup section */
		9BF3A4D738F3B50EAAEDBDEA /* Frameworks */ = {
			isa = PBXGroup;
			children = (
				E84C96CB88D4B5EC3098C21E /* Pods_MoodTracker.framework */,
				EFA9938DDD0EBA7BFD0D2EB6 /* Pods_MoodTracker_MoodTrackerUITests.framework */,
				88BC917164053E2B9669134F /* Pods_MoodTrackerTests.framework */,
			);
			name = Frameworks;
			sourceTree = "<group>";
		};
		E25A0CBFFBF606B2D0AF3A14 /* Pods */ = {
			isa = PBXGroup;
			children = (
				FE567E62EC97C22098BE6314 /* Pods-MoodTracker.debug.xcconfig */,
				CA6C5EB3BF013189738B8CD1 /* Pods-MoodTracker.release.xcconfig */,
				0CA8D6736739D7600CBD0EE4 /* Pods-MoodTracker-MoodTrackerUITests.debug.xcconfig */,
				2D68912B52DABC0E63F96262 /* Pods-MoodTracker-MoodTrackerUITests.release.xcconfig */,
				00AC08954F05F8051533C779 /* Pods-MoodTrackerTests.debug.xcconfig */,
				11717DD0989A8242719EAC3A /* Pods-MoodTrackerTests.release.xcconfig */,
			);
			path = Pods;
			sourceTree = "<group>";
		};
		FC3A898426A053F60048E4ED /* NewNote */ = {
			isa = PBXGroup;
			children = (
				FC3A898A26A0583B0048E4ED /* Cells */,
				FC6C58A62661377A000188A6 /* NewNoteVC.swift */,
				FCD9AB52268A34C600817746 /* NewNoteTableDataProvider.swift */,
				FC6C58E426653526000188A6 /* NewNoteVM.swift */,
			);
			path = NewNote;
			sourceTree = "<group>";
		};
		FC3A898526A0541E0048E4ED /* Table */ = {
			isa = PBXGroup;
			children = (
				FC6C58AB26613C32000188A6 /* TableView.swift */,
				FC6C58EA26653AF6000188A6 /* CellVM.swift */,
				FCD9AB4E268A335100817746 /* TableData */,
				FC3A898926A057EC0048E4ED /* Cells */,
			);
			path = Table;
			sourceTree = "<group>";
		};
		FC3A898626A054B20048E4ED /* Combine */ = {
			isa = PBXGroup;
			children = (
				FC3A898726A054BF0048E4ED /* EditType.swift */,
			);
			path = Combine;
			sourceTree = "<group>";
		};
		FC3A898926A057EC0048E4ED /* Cells */ = {
			isa = PBXGroup;
			children = (
				FC6C58BF2663D640000188A6 /* HashtagCell.swift */,
				FC6C58B326614B65000188A6 /* CommentCell.swift */,
				FC76B39226810F7700AF209F /* Cell.swift */,
				FC6C58B52663CFB9000188A6 /* HashtagCollectionCell.swift */,
				FC6C58B026613D53000188A6 /* CellWithSlider.swift */,
				FC6C58BB2663D3B3000188A6 /* HashtagCollectionView.swift */,
				FC6C58C12663DB6F000188A6 /* CollectionHeaderView.swift */,
			);
			path = Cells;
			sourceTree = "<group>";
		};
		FC3A898A26A0583B0048E4ED /* Cells */ = {
			isa = PBXGroup;
			children = (
				FC3A898B26A0584D0048E4ED /* MoodSliderCell.swift */,
				FC3A898D26A058D90048E4ED /* PhysSliderCell.swift */,
			);
			path = Cells;
			sourceTree = "<group>";
		};
		FC6C56CF266000FB000188A6 = {
			isa = PBXGroup;
			children = (
				FC6C56DA266000FB000188A6 /* MoodTracker */,
				FC6C56F1266000FD000188A6 /* MoodTrackerTests */,
				FC6C56FC266000FD000188A6 /* MoodTrackerUITests */,
				FC6C56D9266000FB000188A6 /* Products */,
				E25A0CBFFBF606B2D0AF3A14 /* Pods */,
				9BF3A4D738F3B50EAAEDBDEA /* Frameworks */,
			);
			sourceTree = "<group>";
		};
		FC6C56D9266000FB000188A6 /* Products */ = {
			isa = PBXGroup;
			children = (
				FC6C56D8266000FB000188A6 /* MoodTracker.app */,
				FC6C56EE266000FD000188A6 /* MoodTrackerTests.xctest */,
				FC6C56F9266000FD000188A6 /* MoodTrackerUITests.xctest */,
			);
			name = Products;
			sourceTree = "<group>";
		};
		FC6C56DA266000FB000188A6 /* MoodTracker */ = {
			isa = PBXGroup;
			children = (
				FC7E6D1B26AB1A0400126B97 /* App */,
				FC6C56DB266000FB000188A6 /* AppDelegate.swift */,
				FC6C56DD266000FB000188A6 /* SceneDelegate.swift */,
				FC6C56E1266000FB000188A6 /* Main.storyboard */,
				FC6C56E4266000FD000188A6 /* Assets.xcassets */,
				FC6C56E6266000FD000188A6 /* LaunchScreen.storyboard */,
				FC6C56E9266000FD000188A6 /* Info.plist */,
			);
			path = MoodTracker;
			sourceTree = "<group>";
		};
		FC6C56F1266000FD000188A6 /* MoodTrackerTests */ = {
			isa = PBXGroup;
			children = (
				FC6C56F2266000FD000188A6 /* MoodTrackerTests.swift */,
				FC6C56F4266000FD000188A6 /* Info.plist */,
			);
			path = MoodTrackerTests;
			sourceTree = "<group>";
		};
		FC6C56FC266000FD000188A6 /* MoodTrackerUITests */ = {
			isa = PBXGroup;
			children = (
				FC6C56FD266000FD000188A6 /* MoodTrackerUITests.swift */,
				FC6C56FF266000FD000188A6 /* Info.plist */,
			);
			path = MoodTrackerUITests;
			sourceTree = "<group>";
		};
		FC6C58A1266136B5000188A6 /* Extensions */ = {
			isa = PBXGroup;
			children = (
				FC6C58A2266136E5000188A6 /* SwiftUIPreview.swift */,
				FC7E6D2926AC037900126B97 /* UIImage.swift */,
				FC7E6D9326AC57EC00126B97 /* Result.swift */,
			);
			path = Extensions;
			sourceTree = "<group>";
		};
		FC6C58B72663D1CD000188A6 /* Utils */ = {
			isa = PBXGroup;
			children = (
				FC6C58B82663D1DB000188A6 /* UIUtils.swift */,
				FC7E6D2726AC019C00126B97 /* Constants.swift */,
			);
			path = Utils;
			sourceTree = "<group>";
		};
		FC7E6D1526AB039200126B97 /* Repository */ = {
			isa = PBXGroup;
			children = (
				FC7E6D9C26AC9A7500126B97 /* Note.swift */,
				FC7E6D1626AB03AC00126B97 /* NotesRepository.swift */,
				FC7E6D9E26AD290E00126B97 /* RealmHelper.swift */,
			);
			path = Repository;
			sourceTree = "<group>";
		};
		FC7E6D1826AB195B00126B97 /* Screens */ = {
			isa = PBXGroup;
			children = (
				FC3A898426A053F60048E4ED /* NewNote */,
				FC7E6D1C26AB1A1600126B97 /* Diary */,
				FC7E6D2426ABFA6F00126B97 /* TabBarController.swift */,
			);
			path = Screens;
			sourceTree = "<group>";
		};
		FC7E6D1A26AB199000126B97 /* Components */ = {
			isa = PBXGroup;
			children = (
				FC7E6D2126AB1FD000126B97 /* ViewElements */,
				FCD9AB54268A3F3500817746 /* ViewControllerVM.swift */,
				FC7E6D5F26AC349400126B97 /* BaseViewController.swift */,
				FC3A899026A05B330048E4ED /* TextView.swift */,
				FC3A898526A0541E0048E4ED /* Table */,
			);
			path = Components;
			sourceTree = "<group>";
		};
		FC7E6D1B26AB1A0400126B97 /* App */ = {
			isa = PBXGroup;
			children = (
				FC7E6D1526AB039200126B97 /* Repository */,
				FC7E6D8126AC484500126B97 /* Models */,
				FC6C58A1266136B5000188A6 /* Extensions */,
				FC6C58B72663D1CD000188A6 /* Utils */,
				FC3A898626A054B20048E4ED /* Combine */,
				FC7E6D1A26AB199000126B97 /* Components */,
				FC7E6D1826AB195B00126B97 /* Screens */,
			);
			path = App;
			sourceTree = "<group>";
		};
		FC7E6D1C26AB1A1600126B97 /* Diary */ = {
			isa = PBXGroup;
			children = (
				FC7E6D1D26AB1A2600126B97 /* DiaryVC.swift */,
				FC7E6D1F26AB1F6400126B97 /* DiaryCell.swift */,
				FC7E6D9626AC625800126B97 /* DiaryVM.swift */,
				FC7E6D9826AC8A2E00126B97 /* DiaryTableSectionHeader.swift */,
				FC7E6DA026AD4CD200126B97 /* EmptyView.swift */,
			);
			path = Diary;
			sourceTree = "<group>";
		};
		FC7E6D2126AB1FD000126B97 /* ViewElements */ = {
			isa = PBXGroup;
			children = (
				FC7E6D2226AB1FF400126B97 /* ScoreTimeView.swift */,
			);
			path = ViewElements;
			sourceTree = "<group>";
		};
		FC7E6D8126AC484500126B97 /* Models */ = {
			isa = PBXGroup;
			children = (
				FC7E6D8326AC4A7100126B97 /* Timing */,
			);
			path = Models;
			sourceTree = "<group>";
		};
		FC7E6D8326AC4A7100126B97 /* Timing */ = {
			isa = PBXGroup;
			children = (
				FC7E6D8426AC4A8200126B97 /* DateModel.swift */,
				FC7E6D8626AC4A8E00126B97 /* Year.swift */,
				FC7E6D8926AC4AA200126B97 /* Month.swift */,
				FC7E6D8B26AC4AB600126B97 /* Day.swift */,
				FC7E6D9A26AC927900126B97 /* SplitDate.swift */,
			);
			path = Timing;
			sourceTree = "<group>";
		};
		FCD9AB4E268A335100817746 /* TableData */ = {
			isa = PBXGroup;
			children = (
				FCD9AB4A268A321200817746 /* TableDataProvider.swift */,
				FCD9AB4C268A333900817746 /* TableSection.swift */,
				FCD9AB4F268A336C00817746 /* CellData.swift */,
			);
			path = TableData;
			sourceTree = "<group>";
		};
/* End PBXGroup section */

/* Begin PBXNativeTarget section */
		FC6C56D7266000FB000188A6 /* MoodTracker */ = {
			isa = PBXNativeTarget;
			buildConfigurationList = FC6C5702266000FD000188A6 /* Build configuration list for PBXNativeTarget "MoodTracker" */;
			buildPhases = (
				1E2FC2DEC3B50C82D3C6F30D /* [CP] Check Pods Manifest.lock */,
				FC6C56D4266000FB000188A6 /* Sources */,
				FC6C56D5266000FB000188A6 /* Frameworks */,
				FC6C56D6266000FB000188A6 /* Resources */,
			);
			buildRules = (
			);
			dependencies = (
			);
			name = MoodTracker;
			packageProductDependencies = (
				FC6C58AE26613D0C000188A6 /* SnapKit */,
				FC7E6D5D26AC31A500126B97 /* SPIndicator */,
				FC7E6D9126AC542F00126B97 /* RealmSwift */,
			);
			productName = MoodTracker;
			productReference = FC6C56D8266000FB000188A6 /* MoodTracker.app */;
			productType = "com.apple.product-type.application";
		};
		FC6C56ED266000FD000188A6 /* MoodTrackerTests */ = {
			isa = PBXNativeTarget;
			buildConfigurationList = FC6C5705266000FD000188A6 /* Build configuration list for PBXNativeTarget "MoodTrackerTests" */;
			buildPhases = (
				A2CE2DC641F2648819FF8025 /* [CP] Check Pods Manifest.lock */,
				FC6C56EA266000FD000188A6 /* Sources */,
				FC6C56EB266000FD000188A6 /* Frameworks */,
				FC6C56EC266000FD000188A6 /* Resources */,
			);
			buildRules = (
			);
			dependencies = (
				FC6C56F0266000FD000188A6 /* PBXTargetDependency */,
			);
			name = MoodTrackerTests;
			productName = MoodTrackerTests;
			productReference = FC6C56EE266000FD000188A6 /* MoodTrackerTests.xctest */;
			productType = "com.apple.product-type.bundle.unit-test";
		};
		FC6C56F8266000FD000188A6 /* MoodTrackerUITests */ = {
			isa = PBXNativeTarget;
			buildConfigurationList = FC6C5708266000FD000188A6 /* Build configuration list for PBXNativeTarget "MoodTrackerUITests" */;
			buildPhases = (
				D60035018F8B5CF7A0AE79D5 /* [CP] Check Pods Manifest.lock */,
				FC6C56F5266000FD000188A6 /* Sources */,
				FC6C56F6266000FD000188A6 /* Frameworks */,
				FC6C56F7266000FD000188A6 /* Resources */,
			);
			buildRules = (
			);
			dependencies = (
				FC6C56FB266000FD000188A6 /* PBXTargetDependency */,
			);
			name = MoodTrackerUITests;
			productName = MoodTrackerUITests;
			productReference = FC6C56F9266000FD000188A6 /* MoodTrackerUITests.xctest */;
			productType = "com.apple.product-type.bundle.ui-testing";
		};
/* End PBXNativeTarget section */

/* Begin PBXProject section */
		FC6C56D0266000FB000188A6 /* Project object */ = {
			isa = PBXProject;
			attributes = {
				LastSwiftUpdateCheck = 1250;
				LastUpgradeCheck = 1250;
				TargetAttributes = {
					FC6C56D7266000FB000188A6 = {
						CreatedOnToolsVersion = 12.5;
					};
					FC6C56ED266000FD000188A6 = {
						CreatedOnToolsVersion = 12.5;
						TestTargetID = FC6C56D7266000FB000188A6;
					};
					FC6C56F8266000FD000188A6 = {
						CreatedOnToolsVersion = 12.5;
						TestTargetID = FC6C56D7266000FB000188A6;
					};
				};
			};
			buildConfigurationList = FC6C56D3266000FB000188A6 /* Build configuration list for PBXProject "MoodTracker" */;
			compatibilityVersion = "Xcode 9.3";
			developmentRegion = en;
			hasScannedForEncodings = 0;
			knownRegions = (
				en,
				Base,
			);
			mainGroup = FC6C56CF266000FB000188A6;
			packageReferences = (
				FC6C58AD26613D0C000188A6 /* XCRemoteSwiftPackageReference "SnapKit" */,
				FC7E6D5C26AC31A500126B97 /* XCRemoteSwiftPackageReference "SPIndicator" */,
				FC7E6D9026AC542F00126B97 /* XCRemoteSwiftPackageReference "realm-cocoa" */,
			);
			productRefGroup = FC6C56D9266000FB000188A6 /* Products */;
			projectDirPath = "";
			projectRoot = "";
			targets = (
				FC6C56D7266000FB000188A6 /* MoodTracker */,
				FC6C56ED266000FD000188A6 /* MoodTrackerTests */,
				FC6C56F8266000FD000188A6 /* MoodTrackerUITests */,
			);
		};
/* End PBXProject section */

/* Begin PBXResourcesBuildPhase section */
		FC6C56D6266000FB000188A6 /* Resources */ = {
			isa = PBXResourcesBuildPhase;
			buildActionMask = 2147483647;
			files = (
				FC6C56E8266000FD000188A6 /* LaunchScreen.storyboard in Resources */,
				FC6C56E5266000FD000188A6 /* Assets.xcassets in Resources */,
				FC6C56E3266000FB000188A6 /* Main.storyboard in Resources */,
			);
			runOnlyForDeploymentPostprocessing = 0;
		};
		FC6C56EC266000FD000188A6 /* Resources */ = {
			isa = PBXResourcesBuildPhase;
			buildActionMask = 2147483647;
			files = (
			);
			runOnlyForDeploymentPostprocessing = 0;
		};
		FC6C56F7266000FD000188A6 /* Resources */ = {
			isa = PBXResourcesBuildPhase;
			buildActionMask = 2147483647;
			files = (
			);
			runOnlyForDeploymentPostprocessing = 0;
		};
/* End PBXResourcesBuildPhase section */

/* Begin PBXShellScriptBuildPhase section */
		1E2FC2DEC3B50C82D3C6F30D /* [CP] Check Pods Manifest.lock */ = {
			isa = PBXShellScriptBuildPhase;
			buildActionMask = 2147483647;
			files = (
			);
			inputFileListPaths = (
			);
			inputPaths = (
				"${PODS_PODFILE_DIR_PATH}/Podfile.lock",
				"${PODS_ROOT}/Manifest.lock",
			);
			name = "[CP] Check Pods Manifest.lock";
			outputFileListPaths = (
			);
			outputPaths = (
				"$(DERIVED_FILE_DIR)/Pods-MoodTracker-checkManifestLockResult.txt",
			);
			runOnlyForDeploymentPostprocessing = 0;
			shellPath = /bin/sh;
			shellScript = "diff \"${PODS_PODFILE_DIR_PATH}/Podfile.lock\" \"${PODS_ROOT}/Manifest.lock\" > /dev/null\nif [ $? != 0 ] ; then\n    # print error to STDERR\n    echo \"error: The sandbox is not in sync with the Podfile.lock. Run 'pod install' or update your CocoaPods installation.\" >&2\n    exit 1\nfi\n# This output is used by Xcode 'outputs' to avoid re-running this script phase.\necho \"SUCCESS\" > \"${SCRIPT_OUTPUT_FILE_0}\"\n";
			showEnvVarsInLog = 0;
		};
		A2CE2DC641F2648819FF8025 /* [CP] Check Pods Manifest.lock */ = {
			isa = PBXShellScriptBuildPhase;
			buildActionMask = 2147483647;
			files = (
			);
			inputFileListPaths = (
			);
			inputPaths = (
				"${PODS_PODFILE_DIR_PATH}/Podfile.lock",
				"${PODS_ROOT}/Manifest.lock",
			);
			name = "[CP] Check Pods Manifest.lock";
			outputFileListPaths = (
			);
			outputPaths = (
				"$(DERIVED_FILE_DIR)/Pods-MoodTrackerTests-checkManifestLockResult.txt",
			);
			runOnlyForDeploymentPostprocessing = 0;
			shellPath = /bin/sh;
			shellScript = "diff \"${PODS_PODFILE_DIR_PATH}/Podfile.lock\" \"${PODS_ROOT}/Manifest.lock\" > /dev/null\nif [ $? != 0 ] ; then\n    # print error to STDERR\n    echo \"error: The sandbox is not in sync with the Podfile.lock. Run 'pod install' or update your CocoaPods installation.\" >&2\n    exit 1\nfi\n# This output is used by Xcode 'outputs' to avoid re-running this script phase.\necho \"SUCCESS\" > \"${SCRIPT_OUTPUT_FILE_0}\"\n";
			showEnvVarsInLog = 0;
		};
		D60035018F8B5CF7A0AE79D5 /* [CP] Check Pods Manifest.lock */ = {
			isa = PBXShellScriptBuildPhase;
			buildActionMask = 2147483647;
			files = (
			);
			inputFileListPaths = (
			);
			inputPaths = (
				"${PODS_PODFILE_DIR_PATH}/Podfile.lock",
				"${PODS_ROOT}/Manifest.lock",
			);
			name = "[CP] Check Pods Manifest.lock";
			outputFileListPaths = (
			);
			outputPaths = (
				"$(DERIVED_FILE_DIR)/Pods-MoodTracker-MoodTrackerUITests-checkManifestLockResult.txt",
			);
			runOnlyForDeploymentPostprocessing = 0;
			shellPath = /bin/sh;
			shellScript = "diff \"${PODS_PODFILE_DIR_PATH}/Podfile.lock\" \"${PODS_ROOT}/Manifest.lock\" > /dev/null\nif [ $? != 0 ] ; then\n    # print error to STDERR\n    echo \"error: The sandbox is not in sync with the Podfile.lock. Run 'pod install' or update your CocoaPods installation.\" >&2\n    exit 1\nfi\n# This output is used by Xcode 'outputs' to avoid re-running this script phase.\necho \"SUCCESS\" > \"${SCRIPT_OUTPUT_FILE_0}\"\n";
			showEnvVarsInLog = 0;
		};
/* End PBXShellScriptBuildPhase section */

/* Begin PBXSourcesBuildPhase section */
		FC6C56D4266000FB000188A6 /* Sources */ = {
			isa = PBXSourcesBuildPhase;
			buildActionMask = 2147483647;
			files = (
				FC6C58A3266136E5000188A6 /* SwiftUIPreview.swift in Sources */,
				FC6C58E526653526000188A6 /* NewNoteVM.swift in Sources */,
				FC7E6D9426AC57EC00126B97 /* Result.swift in Sources */,
				FC7E6D6026AC349400126B97 /* BaseViewController.swift in Sources */,
				FC6C58B126613D53000188A6 /* CellWithSlider.swift in Sources */,
				FCD9AB55268A3F3500817746 /* ViewControllerVM.swift in Sources */,
				FC7E6D1E26AB1A2600126B97 /* DiaryVC.swift in Sources */,
				FC7E6D2026AB1F6400126B97 /* DiaryCell.swift in Sources */,
				FC76B39326810F7700AF209F /* Cell.swift in Sources */,
				FC7E6D2526ABFA6F00126B97 /* TabBarController.swift in Sources */,
				FCD9AB53268A34C600817746 /* NewNoteTableDataProvider.swift in Sources */,
				FC7E6D2A26AC037900126B97 /* UIImage.swift in Sources */,
				FC7E6D8C26AC4AB600126B97 /* Day.swift in Sources */,
				FC7E6D2826AC019C00126B97 /* Constants.swift in Sources */,
				FC6C58B92663D1DB000188A6 /* UIUtils.swift in Sources */,
				FC7E6D9926AC8A2E00126B97 /* DiaryTableSectionHeader.swift in Sources */,
				FC7E6DA126AD4CD200126B97 /* EmptyView.swift in Sources */,
				FCD9AB4D268A333900817746 /* TableSection.swift in Sources */,
				FC7E6D2326AB1FF400126B97 /* ScoreTimeView.swift in Sources */,
				FC3A898C26A0584D0048E4ED /* MoodSliderCell.swift in Sources */,
				FC7E6D9726AC625800126B97 /* DiaryVM.swift in Sources */,
				FC6C58AC26613C32000188A6 /* TableView.swift in Sources */,
				FC6C58B62663CFB9000188A6 /* HashtagCollectionCell.swift in Sources */,
				FC7E6D9D26AC9A7500126B97 /* Note.swift in Sources */,
				FC6C58C22663DB6F000188A6 /* CollectionHeaderView.swift in Sources */,
				FC7E6D8A26AC4AA200126B97 /* Month.swift in Sources */,
				FC7E6D9F26AD290E00126B97 /* RealmHelper.swift in Sources */,
				FC6C58A72661377A000188A6 /* NewNoteVC.swift in Sources */,
				FCD9AB50268A336C00817746 /* CellData.swift in Sources */,
				FCD9AB4B268A321200817746 /* TableDataProvider.swift in Sources */,
				FC7E6D9B26AC927900126B97 /* SplitDate.swift in Sources */,
				FC7E6D8526AC4A8200126B97 /* DateModel.swift in Sources */,
				FC7E6D1726AB03AC00126B97 /* NotesRepository.swift in Sources */,
				FC6C58BC2663D3B3000188A6 /* HashtagCollectionView.swift in Sources */,
				FC3A898E26A058D90048E4ED /* PhysSliderCell.swift in Sources */,
				FC7E6D8726AC4A8E00126B97 /* Year.swift in Sources */,
				FC6C56DC266000FB000188A6 /* AppDelegate.swift in Sources */,
				FC6C58C02663D640000188A6 /* HashtagCell.swift in Sources */,
				FC6C56DE266000FB000188A6 /* SceneDelegate.swift in Sources */,
				FC3A899126A05B330048E4ED /* TextView.swift in Sources */,
				FC6C58EB26653AF6000188A6 /* CellVM.swift in Sources */,
				FC6C58B426614B65000188A6 /* CommentCell.swift in Sources */,
				FC3A898826A054BF0048E4ED /* EditType.swift in Sources */,
			);
			runOnlyForDeploymentPostprocessing = 0;
		};
		FC6C56EA266000FD000188A6 /* Sources */ = {
			isa = PBXSourcesBuildPhase;
			buildActionMask = 2147483647;
			files = (
				FC6C56F3266000FD000188A6 /* MoodTrackerTests.swift in Sources */,
			);
			runOnlyForDeploymentPostprocessing = 0;
		};
		FC6C56F5266000FD000188A6 /* Sources */ = {
			isa = PBXSourcesBuildPhase;
			buildActionMask = 2147483647;
			files = (
				FC6C56FE266000FD000188A6 /* MoodTrackerUITests.swift in Sources */,
			);
			runOnlyForDeploymentPostprocessing = 0;
		};
/* End PBXSourcesBuildPhase section */

/* Begin PBXTargetDependency section */
		FC6C56F0266000FD000188A6 /* PBXTargetDependency */ = {
			isa = PBXTargetDependency;
			target = FC6C56D7266000FB000188A6 /* MoodTracker */;
			targetProxy = FC6C56EF266000FD000188A6 /* PBXContainerItemProxy */;
		};
		FC6C56FB266000FD000188A6 /* PBXTargetDependency */ = {
			isa = PBXTargetDependency;
			target = FC6C56D7266000FB000188A6 /* MoodTracker */;
			targetProxy = FC6C56FA266000FD000188A6 /* PBXContainerItemProxy */;
		};
/* End PBXTargetDependency section */

/* Begin PBXVariantGroup section */
		FC6C56E1266000FB000188A6 /* Main.storyboard */ = {
			isa = PBXVariantGroup;
			children = (
				FC6C56E2266000FB000188A6 /* Base */,
			);
			name = Main.storyboard;
			sourceTree = "<group>";
		};
		FC6C56E6266000FD000188A6 /* LaunchScreen.storyboard */ = {
			isa = PBXVariantGroup;
			children = (
				FC6C56E7266000FD000188A6 /* Base */,
			);
			name = LaunchScreen.storyboard;
			sourceTree = "<group>";
		};
/* End PBXVariantGroup section */

/* Begin XCBuildConfiguration section */
		FC6C5700266000FD000188A6 /* Debug */ = {
			isa = XCBuildConfiguration;
			buildSettings = {
				ALWAYS_SEARCH_USER_PATHS = NO;
				CLANG_ANALYZER_NONNULL = YES;
				CLANG_ANALYZER_NUMBER_OBJECT_CONVERSION = YES_AGGRESSIVE;
				CLANG_CXX_LANGUAGE_STANDARD = "gnu++14";
				CLANG_CXX_LIBRARY = "libc++";
				CLANG_ENABLE_MODULES = YES;
				CLANG_ENABLE_OBJC_ARC = YES;
				CLANG_ENABLE_OBJC_WEAK = YES;
				CLANG_WARN_BLOCK_CAPTURE_AUTORELEASING = YES;
				CLANG_WARN_BOOL_CONVERSION = YES;
				CLANG_WARN_COMMA = YES;
				CLANG_WARN_CONSTANT_CONVERSION = YES;
				CLANG_WARN_DEPRECATED_OBJC_IMPLEMENTATIONS = YES;
				CLANG_WARN_DIRECT_OBJC_ISA_USAGE = YES_ERROR;
				CLANG_WARN_DOCUMENTATION_COMMENTS = YES;
				CLANG_WARN_EMPTY_BODY = YES;
				CLANG_WARN_ENUM_CONVERSION = YES;
				CLANG_WARN_INFINITE_RECURSION = YES;
				CLANG_WARN_INT_CONVERSION = YES;
				CLANG_WARN_NON_LITERAL_NULL_CONVERSION = YES;
				CLANG_WARN_OBJC_IMPLICIT_RETAIN_SELF = YES;
				CLANG_WARN_OBJC_LITERAL_CONVERSION = YES;
				CLANG_WARN_OBJC_ROOT_CLASS = YES_ERROR;
				CLANG_WARN_QUOTED_INCLUDE_IN_FRAMEWORK_HEADER = YES;
				CLANG_WARN_RANGE_LOOP_ANALYSIS = YES;
				CLANG_WARN_STRICT_PROTOTYPES = YES;
				CLANG_WARN_SUSPICIOUS_MOVE = YES;
				CLANG_WARN_UNGUARDED_AVAILABILITY = YES_AGGRESSIVE;
				CLANG_WARN_UNREACHABLE_CODE = YES;
				CLANG_WARN__DUPLICATE_METHOD_MATCH = YES;
				COPY_PHASE_STRIP = NO;
				DEBUG_INFORMATION_FORMAT = dwarf;
				ENABLE_STRICT_OBJC_MSGSEND = YES;
				ENABLE_TESTABILITY = YES;
				GCC_C_LANGUAGE_STANDARD = gnu11;
				GCC_DYNAMIC_NO_PIC = NO;
				GCC_NO_COMMON_BLOCKS = YES;
				GCC_OPTIMIZATION_LEVEL = 0;
				GCC_PREPROCESSOR_DEFINITIONS = (
					"DEBUG=1",
					"$(inherited)",
				);
				GCC_WARN_64_TO_32_BIT_CONVERSION = YES;
				GCC_WARN_ABOUT_RETURN_TYPE = YES_ERROR;
				GCC_WARN_UNDECLARED_SELECTOR = YES;
				GCC_WARN_UNINITIALIZED_AUTOS = YES_AGGRESSIVE;
				GCC_WARN_UNUSED_FUNCTION = YES;
				GCC_WARN_UNUSED_VARIABLE = YES;
				IPHONEOS_DEPLOYMENT_TARGET = 14.5;
				MTL_ENABLE_DEBUG_INFO = INCLUDE_SOURCE;
				MTL_FAST_MATH = YES;
				ONLY_ACTIVE_ARCH = YES;
				SDKROOT = iphoneos;
				SWIFT_ACTIVE_COMPILATION_CONDITIONS = DEBUG;
				SWIFT_OPTIMIZATION_LEVEL = "-Onone";
			};
			name = Debug;
		};
		FC6C5701266000FD000188A6 /* Release */ = {
			isa = XCBuildConfiguration;
			buildSettings = {
				ALWAYS_SEARCH_USER_PATHS = NO;
				CLANG_ANALYZER_NONNULL = YES;
				CLANG_ANALYZER_NUMBER_OBJECT_CONVERSION = YES_AGGRESSIVE;
				CLANG_CXX_LANGUAGE_STANDARD = "gnu++14";
				CLANG_CXX_LIBRARY = "libc++";
				CLANG_ENABLE_MODULES = YES;
				CLANG_ENABLE_OBJC_ARC = YES;
				CLANG_ENABLE_OBJC_WEAK = YES;
				CLANG_WARN_BLOCK_CAPTURE_AUTORELEASING = YES;
				CLANG_WARN_BOOL_CONVERSION = YES;
				CLANG_WARN_COMMA = YES;
				CLANG_WARN_CONSTANT_CONVERSION = YES;
				CLANG_WARN_DEPRECATED_OBJC_IMPLEMENTATIONS = YES;
				CLANG_WARN_DIRECT_OBJC_ISA_USAGE = YES_ERROR;
				CLANG_WARN_DOCUMENTATION_COMMENTS = YES;
				CLANG_WARN_EMPTY_BODY = YES;
				CLANG_WARN_ENUM_CONVERSION = YES;
				CLANG_WARN_INFINITE_RECURSION = YES;
				CLANG_WARN_INT_CONVERSION = YES;
				CLANG_WARN_NON_LITERAL_NULL_CONVERSION = YES;
				CLANG_WARN_OBJC_IMPLICIT_RETAIN_SELF = YES;
				CLANG_WARN_OBJC_LITERAL_CONVERSION = YES;
				CLANG_WARN_OBJC_ROOT_CLASS = YES_ERROR;
				CLANG_WARN_QUOTED_INCLUDE_IN_FRAMEWORK_HEADER = YES;
				CLANG_WARN_RANGE_LOOP_ANALYSIS = YES;
				CLANG_WARN_STRICT_PROTOTYPES = YES;
				CLANG_WARN_SUSPICIOUS_MOVE = YES;
				CLANG_WARN_UNGUARDED_AVAILABILITY = YES_AGGRESSIVE;
				CLANG_WARN_UNREACHABLE_CODE = YES;
				CLANG_WARN__DUPLICATE_METHOD_MATCH = YES;
				COPY_PHASE_STRIP = NO;
				DEBUG_INFORMATION_FORMAT = "dwarf-with-dsym";
				ENABLE_NS_ASSERTIONS = NO;
				ENABLE_STRICT_OBJC_MSGSEND = YES;
				GCC_C_LANGUAGE_STANDARD = gnu11;
				GCC_NO_COMMON_BLOCKS = YES;
				GCC_WARN_64_TO_32_BIT_CONVERSION = YES;
				GCC_WARN_ABOUT_RETURN_TYPE = YES_ERROR;
				GCC_WARN_UNDECLARED_SELECTOR = YES;
				GCC_WARN_UNINITIALIZED_AUTOS = YES_AGGRESSIVE;
				GCC_WARN_UNUSED_FUNCTION = YES;
				GCC_WARN_UNUSED_VARIABLE = YES;
				IPHONEOS_DEPLOYMENT_TARGET = 14.5;
				MTL_ENABLE_DEBUG_INFO = NO;
				MTL_FAST_MATH = YES;
				SDKROOT = iphoneos;
				SWIFT_COMPILATION_MODE = wholemodule;
				SWIFT_OPTIMIZATION_LEVEL = "-O";
				VALIDATE_PRODUCT = YES;
			};
			name = Release;
		};
		FC6C5703266000FD000188A6 /* Debug */ = {
			isa = XCBuildConfiguration;
			baseConfigurationReference = FE567E62EC97C22098BE6314 /* Pods-MoodTracker.debug.xcconfig */;
			buildSettings = {
				ASSETCATALOG_COMPILER_APPICON_NAME = AppIcon;
				ASSETCATALOG_COMPILER_GLOBAL_ACCENT_COLOR_NAME = AccentColor;
				CODE_SIGN_STYLE = Automatic;
				DEVELOPMENT_TEAM = 6389Z2D8J8;
				INFOPLIST_FILE = MoodTracker/Info.plist;
				LD_RUNPATH_SEARCH_PATHS = (
					"$(inherited)",
					"@executable_path/Frameworks",
				);
				PRODUCT_BUNDLE_IDENTIFIER = com.sava.MoodTracker;
				PRODUCT_NAME = "$(TARGET_NAME)";
				SWIFT_VERSION = 5.0;
				TARGETED_DEVICE_FAMILY = "1,2";
			};
			name = Debug;
		};
		FC6C5704266000FD000188A6 /* Release */ = {
			isa = XCBuildConfiguration;
			baseConfigurationReference = CA6C5EB3BF013189738B8CD1 /* Pods-MoodTracker.release.xcconfig */;
			buildSettings = {
				ASSETCATALOG_COMPILER_APPICON_NAME = AppIcon;
				ASSETCATALOG_COMPILER_GLOBAL_ACCENT_COLOR_NAME = AccentColor;
				CODE_SIGN_STYLE = Automatic;
				DEVELOPMENT_TEAM = 6389Z2D8J8;
				INFOPLIST_FILE = MoodTracker/Info.plist;
				LD_RUNPATH_SEARCH_PATHS = (
					"$(inherited)",
					"@executable_path/Frameworks",
				);
				PRODUCT_BUNDLE_IDENTIFIER = com.sava.MoodTracker;
				PRODUCT_NAME = "$(TARGET_NAME)";
				SWIFT_VERSION = 5.0;
				TARGETED_DEVICE_FAMILY = "1,2";
			};
			name = Release;
		};
		FC6C5706266000FD000188A6 /* Debug */ = {
			isa = XCBuildConfiguration;
			baseConfigurationReference = 00AC08954F05F8051533C779 /* Pods-MoodTrackerTests.debug.xcconfig */;
			buildSettings = {
				ALWAYS_EMBED_SWIFT_STANDARD_LIBRARIES = YES;
				BUNDLE_LOADER = "$(TEST_HOST)";
				CODE_SIGN_STYLE = Automatic;
				DEVELOPMENT_TEAM = 6389Z2D8J8;
				INFOPLIST_FILE = MoodTrackerTests/Info.plist;
				IPHONEOS_DEPLOYMENT_TARGET = 14.5;
				LD_RUNPATH_SEARCH_PATHS = (
					"$(inherited)",
					"@executable_path/Frameworks",
					"@loader_path/Frameworks",
				);
				PRODUCT_BUNDLE_IDENTIFIER = com.sava.MoodTrackerTests;
				PRODUCT_NAME = "$(TARGET_NAME)";
				SWIFT_VERSION = 5.0;
				TARGETED_DEVICE_FAMILY = "1,2";
				TEST_HOST = "$(BUILT_PRODUCTS_DIR)/MoodTracker.app/MoodTracker";
			};
			name = Debug;
		};
		FC6C5707266000FD000188A6 /* Release */ = {
			isa = XCBuildConfiguration;
			baseConfigurationReference = 11717DD0989A8242719EAC3A /* Pods-MoodTrackerTests.release.xcconfig */;
			buildSettings = {
				ALWAYS_EMBED_SWIFT_STANDARD_LIBRARIES = YES;
				BUNDLE_LOADER = "$(TEST_HOST)";
				CODE_SIGN_STYLE = Automatic;
				DEVELOPMENT_TEAM = 6389Z2D8J8;
				INFOPLIST_FILE = MoodTrackerTests/Info.plist;
				IPHONEOS_DEPLOYMENT_TARGET = 14.5;
				LD_RUNPATH_SEARCH_PATHS = (
					"$(inherited)",
					"@executable_path/Frameworks",
					"@loader_path/Frameworks",
				);
				PRODUCT_BUNDLE_IDENTIFIER = com.sava.MoodTrackerTests;
				PRODUCT_NAME = "$(TARGET_NAME)";
				SWIFT_VERSION = 5.0;
				TARGETED_DEVICE_FAMILY = "1,2";
				TEST_HOST = "$(BUILT_PRODUCTS_DIR)/MoodTracker.app/MoodTracker";
			};
			name = Release;
		};
		FC6C5709266000FD000188A6 /* Debug */ = {
			isa = XCBuildConfiguration;
			baseConfigurationReference = 0CA8D6736739D7600CBD0EE4 /* Pods-MoodTracker-MoodTrackerUITests.debug.xcconfig */;
			buildSettings = {
				ALWAYS_EMBED_SWIFT_STANDARD_LIBRARIES = YES;
				CODE_SIGN_STYLE = Automatic;
				DEVELOPMENT_TEAM = 6389Z2D8J8;
				INFOPLIST_FILE = MoodTrackerUITests/Info.plist;
				LD_RUNPATH_SEARCH_PATHS = (
					"$(inherited)",
					"@executable_path/Frameworks",
					"@loader_path/Frameworks",
				);
				PRODUCT_BUNDLE_IDENTIFIER = com.sava.MoodTrackerUITests;
				PRODUCT_NAME = "$(TARGET_NAME)";
				SWIFT_VERSION = 5.0;
				TARGETED_DEVICE_FAMILY = "1,2";
				TEST_TARGET_NAME = MoodTracker;
			};
			name = Debug;
		};
		FC6C570A266000FD000188A6 /* Release */ = {
			isa = XCBuildConfiguration;
			baseConfigurationReference = 2D68912B52DABC0E63F96262 /* Pods-MoodTracker-MoodTrackerUITests.release.xcconfig */;
			buildSettings = {
				ALWAYS_EMBED_SWIFT_STANDARD_LIBRARIES = YES;
				CODE_SIGN_STYLE = Automatic;
				DEVELOPMENT_TEAM = 6389Z2D8J8;
				INFOPLIST_FILE = MoodTrackerUITests/Info.plist;
				LD_RUNPATH_SEARCH_PATHS = (
					"$(inherited)",
					"@executable_path/Frameworks",
					"@loader_path/Frameworks",
				);
				PRODUCT_BUNDLE_IDENTIFIER = com.sava.MoodTrackerUITests;
				PRODUCT_NAME = "$(TARGET_NAME)";
				SWIFT_VERSION = 5.0;
				TARGETED_DEVICE_FAMILY = "1,2";
				TEST_TARGET_NAME = MoodTracker;
			};
			name = Release;
		};
/* End XCBuildConfiguration section */

/* Begin XCConfigurationList section */
		FC6C56D3266000FB000188A6 /* Build configuration list for PBXProject "MoodTracker" */ = {
			isa = XCConfigurationList;
			buildConfigurations = (
				FC6C5700266000FD000188A6 /* Debug */,
				FC6C5701266000FD000188A6 /* Release */,
			);
			defaultConfigurationIsVisible = 0;
			defaultConfigurationName = Release;
		};
		FC6C5702266000FD000188A6 /* Build configuration list for PBXNativeTarget "MoodTracker" */ = {
			isa = XCConfigurationList;
			buildConfigurations = (
				FC6C5703266000FD000188A6 /* Debug */,
				FC6C5704266000FD000188A6 /* Release */,
			);
			defaultConfigurationIsVisible = 0;
			defaultConfigurationName = Release;
		};
		FC6C5705266000FD000188A6 /* Build configuration list for PBXNativeTarget "MoodTrackerTests" */ = {
			isa = XCConfigurationList;
			buildConfigurations = (
				FC6C5706266000FD000188A6 /* Debug */,
				FC6C5707266000FD000188A6 /* Release */,
			);
			defaultConfigurationIsVisible = 0;
			defaultConfigurationName = Release;
		};
		FC6C5708266000FD000188A6 /* Build configuration list for PBXNativeTarget "MoodTrackerUITests" */ = {
			isa = XCConfigurationList;
			buildConfigurations = (
				FC6C5709266000FD000188A6 /* Debug */,
				FC6C570A266000FD000188A6 /* Release */,
			);
			defaultConfigurationIsVisible = 0;
			defaultConfigurationName = Release;
		};
/* End XCConfigurationList section */

/* Begin XCRemoteSwiftPackageReference section */
		FC6C58AD26613D0C000188A6 /* XCRemoteSwiftPackageReference "SnapKit" */ = {
			isa = XCRemoteSwiftPackageReference;
			repositoryURL = "https://github.com/SnapKit/SnapKit.git";
			requirement = {
				kind = upToNextMajorVersion;
				minimumVersion = 5.0.1;
			};
		};
		FC7E6D5C26AC31A500126B97 /* XCRemoteSwiftPackageReference "SPIndicator" */ = {
			isa = XCRemoteSwiftPackageReference;
			repositoryURL = "https://github.com/ivanvorobei/SPIndicator.git";
			requirement = {
				kind = upToNextMajorVersion;
				minimumVersion = 1.3.0;
			};
		};
		FC7E6D9026AC542F00126B97 /* XCRemoteSwiftPackageReference "realm-cocoa" */ = {
			isa = XCRemoteSwiftPackageReference;
			repositoryURL = "https://github.com/realm/realm-cocoa.git";
			requirement = {
				kind = upToNextMajorVersion;
				minimumVersion = 10.11.0;
			};
		};
/* End XCRemoteSwiftPackageReference section */

/* Begin XCSwiftPackageProductDependency section */
		FC6C58AE26613D0C000188A6 /* SnapKit */ = {
			isa = XCSwiftPackageProductDependency;
			package = FC6C58AD26613D0C000188A6 /* XCRemoteSwiftPackageReference "SnapKit" */;
			productName = SnapKit;
		};
		FC7E6D5D26AC31A500126B97 /* SPIndicator */ = {
			isa = XCSwiftPackageProductDependency;
			package = FC7E6D5C26AC31A500126B97 /* XCRemoteSwiftPackageReference "SPIndicator" */;
			productName = SPIndicator;
		};
		FC7E6D9126AC542F00126B97 /* RealmSwift */ = {
			isa = XCSwiftPackageProductDependency;
			package = FC7E6D9026AC542F00126B97 /* XCRemoteSwiftPackageReference "realm-cocoa" */;
			productName = RealmSwift;
		};
/* End XCSwiftPackageProductDependency section */
	};
	rootObject = FC6C56D0266000FB000188A6 /* Project object */;
}
