// !$*UTF8*$!
{
	archiveVersion = 1;
	classes = {
	};
	objectVersion = 50;
	objects = {

/* Begin PBXBuildFile section */
		6206B33C0966D8C6F4BD67D0 /* Pods_MoodTrackerTests.framework in Frameworks */ = {isa = PBXBuildFile; fileRef = 88BC917164053E2B9669134F /* Pods_MoodTrackerTests.framework */; };
		C4613007E58B533086856E44 /* Pods_MoodTracker.framework in Frameworks */ = {isa = PBXBuildFile; fileRef = E84C96CB88D4B5EC3098C21E /* Pods_MoodTracker.framework */; };
		F9B2CEA7664894B32BA20256 /* Pods_MoodTracker_MoodTrackerUITests.framework in Frameworks */ = {isa = PBXBuildFile; fileRef = EFA9938DDD0EBA7BFD0D2EB6 /* Pods_MoodTracker_MoodTrackerUITests.framework */; };
		FC6C56DC266000FB000188A6 /* AppDelegate.swift in Sources */ = {isa = PBXBuildFile; fileRef = FC6C56DB266000FB000188A6 /* AppDelegate.swift */; };
		FC6C56DE266000FB000188A6 /* SceneDelegate.swift in Sources */ = {isa = PBXBuildFile; fileRef = FC6C56DD266000FB000188A6 /* SceneDelegate.swift */; };
		FC6C56E0266000FB000188A6 /* ViewController.swift in Sources */ = {isa = PBXBuildFile; fileRef = FC6C56DF266000FB000188A6 /* ViewController.swift */; };
		FC6C56E3266000FB000188A6 /* Main.storyboard in Resources */ = {isa = PBXBuildFile; fileRef = FC6C56E1266000FB000188A6 /* Main.storyboard */; };
		FC6C56E5266000FD000188A6 /* Assets.xcassets in Resources */ = {isa = PBXBuildFile; fileRef = FC6C56E4266000FD000188A6 /* Assets.xcassets */; };
		FC6C56E8266000FD000188A6 /* LaunchScreen.storyboard in Resources */ = {isa = PBXBuildFile; fileRef = FC6C56E6266000FD000188A6 /* LaunchScreen.storyboard */; };
		FC6C56F3266000FD000188A6 /* MoodTrackerTests.swift in Sources */ = {isa = PBXBuildFile; fileRef = FC6C56F2266000FD000188A6 /* MoodTrackerTests.swift */; };
		FC6C56FE266000FD000188A6 /* MoodTrackerUITests.swift in Sources */ = {isa = PBXBuildFile; fileRef = FC6C56FD266000FD000188A6 /* MoodTrackerUITests.swift */; };
		FC6C570D26600300000188A6 /* DiaryCell.swift in Sources */ = {isa = PBXBuildFile; fileRef = FC6C570C26600300000188A6 /* DiaryCell.swift */; };
		FC6C570F2660034E000188A6 /* DiaryVC.swift in Sources */ = {isa = PBXBuildFile; fileRef = FC6C570E2660034E000188A6 /* DiaryVC.swift */; };
		FC6C57112660038C000188A6 /* DiaryTableView.swift in Sources */ = {isa = PBXBuildFile; fileRef = FC6C57102660038C000188A6 /* DiaryTableView.swift */; };
		FC6C58A3266136E5000188A6 /* SwiftUIPreview.swift in Sources */ = {isa = PBXBuildFile; fileRef = FC6C58A2266136E5000188A6 /* SwiftUIPreview.swift */; };
		FC6C58A72661377A000188A6 /* NewNoteVC.swift in Sources */ = {isa = PBXBuildFile; fileRef = FC6C58A62661377A000188A6 /* NewNoteVC.swift */; };
/* End PBXBuildFile section */

/* Begin PBXContainerItemProxy section */
		FC6C56EF266000FD000188A6 /* PBXContainerItemProxy */ = {
			isa = PBXContainerItemProxy;
			containerPortal = FC6C56D0266000FB000188A6 /* Project object */;
			proxyType = 1;
			remoteGlobalIDString = FC6C56D7266000FB000188A6;
			remoteInfo = MoodTracker;
		};
		FC6C56FA266000FD000188A6 /* PBXContainerItemProxy */ = {
			isa = PBXContainerItemProxy;
			containerPortal = FC6C56D0266000FB000188A6 /* Project object */;
			proxyType = 1;
			remoteGlobalIDString = FC6C56D7266000FB000188A6;
			remoteInfo = MoodTracker;
		};
/* End PBXContainerItemProxy section */

/* Begin PBXFileReference section */
		00AC08954F05F8051533C779 /* Pods-MoodTrackerTests.debug.xcconfig */ = {isa = PBXFileReference; includeInIndex = 1; lastKnownFileType = text.xcconfig; name = "Pods-MoodTrackerTests.debug.xcconfig"; path = "Target Support Files/Pods-MoodTrackerTests/Pods-MoodTrackerTests.debug.xcconfig"; sourceTree = "<group>"; };
		0CA8D6736739D7600CBD0EE4 /* Pods-MoodTracker-MoodTrackerUITests.debug.xcconfig */ = {isa = PBXFileReference; includeInIndex = 1; lastKnownFileType = text.xcconfig; name = "Pods-MoodTracker-MoodTrackerUITests.debug.xcconfig"; path = "Target Support Files/Pods-MoodTracker-MoodTrackerUITests/Pods-MoodTracker-MoodTrackerUITests.debug.xcconfig"; sourceTree = "<group>"; };
		11717DD0989A8242719EAC3A /* Pods-MoodTrackerTests.release.xcconfig */ = {isa = PBXFileReference; includeInIndex = 1; lastKnownFileType = text.xcconfig; name = "Pods-MoodTrackerTests.release.xcconfig"; path = "Target Support Files/Pods-MoodTrackerTests/Pods-MoodTrackerTests.release.xcconfig"; sourceTree = "<group>"; };
		2D68912B52DABC0E63F96262 /* Pods-MoodTracker-MoodTrackerUITests.release.xcconfig */ = {isa = PBXFileReference; includeInIndex = 1; lastKnownFileType = text.xcconfig; name = "Pods-MoodTracker-MoodTrackerUITests.release.xcconfig"; path = "Target Support Files/Pods-MoodTracker-MoodTrackerUITests/Pods-MoodTracker-MoodTrackerUITests.release.xcconfig"; sourceTree = "<group>"; };
		88BC917164053E2B9669134F /* Pods_MoodTrackerTests.framework */ = {isa = PBXFileReference; explicitFileType = wrapper.framework; includeInIndex = 0; path = Pods_MoodTrackerTests.framework; sourceTree = BUILT_PRODUCTS_DIR; };
		CA6C5EB3BF013189738B8CD1 /* Pods-MoodTracker.release.xcconfig */ = {isa = PBXFileReference; includeInIndex = 1; lastKnownFileType = text.xcconfig; name = "Pods-MoodTracker.release.xcconfig"; path = "Target Support Files/Pods-MoodTracker/Pods-MoodTracker.release.xcconfig"; sourceTree = "<group>"; };
		E84C96CB88D4B5EC3098C21E /* Pods_MoodTracker.framework */ = {isa = PBXFileReference; explicitFileType = wrapper.framework; includeInIndex = 0; path = Pods_MoodTracker.framework; sourceTree = BUILT_PRODUCTS_DIR; };
		EFA9938DDD0EBA7BFD0D2EB6 /* Pods_MoodTracker_MoodTrackerUITests.framework */ = {isa = PBXFileReference; explicitFileType = wrapper.framework; includeInIndex = 0; path = Pods_MoodTracker_MoodTrackerUITests.framework; sourceTree = BUILT_PRODUCTS_DIR; };
		FC6C56D8266000FB000188A6 /* MoodTracker.app */ = {isa = PBXFileReference; explicitFileType = wrapper.application; includeInIndex = 0; path = MoodTracker.app; sourceTree = BUILT_PRODUCTS_DIR; };
		FC6C56DB266000FB000188A6 /* AppDelegate.swift */ = {isa = PBXFileReference; lastKnownFileType = sourcecode.swift; path = AppDelegate.swift; sourceTree = "<group>"; };
		FC6C56DD266000FB000188A6 /* SceneDelegate.swift */ = {isa = PBXFileReference; lastKnownFileType = sourcecode.swift; path = SceneDelegate.swift; sourceTree = "<group>"; };
		FC6C56DF266000FB000188A6 /* ViewController.swift */ = {isa = PBXFileReference; lastKnownFileType = sourcecode.swift; path = ViewController.swift; sourceTree = "<group>"; };
		FC6C56E2266000FB000188A6 /* Base */ = {isa = PBXFileReference; lastKnownFileType = file.storyboard; name = Base; path = Base.lproj/Main.storyboard; sourceTree = "<group>"; };
		FC6C56E4266000FD000188A6 /* Assets.xcassets */ = {isa = PBXFileReference; lastKnownFileType = folder.assetcatalog; path = Assets.xcassets; sourceTree = "<group>"; };
		FC6C56E7266000FD000188A6 /* Base */ = {isa = PBXFileReference; lastKnownFileType = file.storyboard; name = Base; path = Base.lproj/LaunchScreen.storyboard; sourceTree = "<group>"; };
		FC6C56E9266000FD000188A6 /* Info.plist */ = {isa = PBXFileReference; lastKnownFileType = text.plist.xml; path = Info.plist; sourceTree = "<group>"; };
		FC6C56EE266000FD000188A6 /* MoodTrackerTests.xctest */ = {isa = PBXFileReference; explicitFileType = wrapper.cfbundle; includeInIndex = 0; path = MoodTrackerTests.xctest; sourceTree = BUILT_PRODUCTS_DIR; };
		FC6C56F2266000FD000188A6 /* MoodTrackerTests.swift */ = {isa = PBXFileReference; lastKnownFileType = sourcecode.swift; path = MoodTrackerTests.swift; sourceTree = "<group>"; };
		FC6C56F4266000FD000188A6 /* Info.plist */ = {isa = PBXFileReference; lastKnownFileType = text.plist.xml; path = Info.plist; sourceTree = "<group>"; };
		FC6C56F9266000FD000188A6 /* MoodTrackerUITests.xctest */ = {isa = PBXFileReference; explicitFileType = wrapper.cfbundle; includeInIndex = 0; path = MoodTrackerUITests.xctest; sourceTree = BUILT_PRODUCTS_DIR; };
		FC6C56FD266000FD000188A6 /* MoodTrackerUITests.swift */ = {isa = PBXFileReference; lastKnownFileType = sourcecode.swift; path = MoodTrackerUITests.swift; sourceTree = "<group>"; };
		FC6C56FF266000FD000188A6 /* Info.plist */ = {isa = PBXFileReference; lastKnownFileType = text.plist.xml; path = Info.plist; sourceTree = "<group>"; };
		FC6C570C26600300000188A6 /* DiaryCell.swift */ = {isa = PBXFileReference; lastKnownFileType = sourcecode.swift; path = DiaryCell.swift; sourceTree = "<group>"; };
		FC6C570E2660034E000188A6 /* DiaryVC.swift */ = {isa = PBXFileReference; lastKnownFileType = sourcecode.swift; path = DiaryVC.swift; sourceTree = "<group>"; };
		FC6C57102660038C000188A6 /* DiaryTableView.swift */ = {isa = PBXFileReference; lastKnownFileType = sourcecode.swift; path = DiaryTableView.swift; sourceTree = "<group>"; };
		FC6C58A2266136E5000188A6 /* SwiftUIPreview.swift */ = {isa = PBXFileReference; lastKnownFileType = sourcecode.swift; path = SwiftUIPreview.swift; sourceTree = "<group>"; };
		FC6C58A62661377A000188A6 /* NewNoteVC.swift */ = {isa = PBXFileReference; lastKnownFileType = sourcecode.swift; path = NewNoteVC.swift; sourceTree = "<group>"; };
		FE567E62EC97C22098BE6314 /* Pods-MoodTracker.debug.xcconfig */ = {isa = PBXFileReference; includeInIndex = 1; lastKnownFileType = text.xcconfig; name = "Pods-MoodTracker.debug.xcconfig"; path = "Target Support Files/Pods-MoodTracker/Pods-MoodTracker.debug.xcconfig"; sourceTree = "<group>"; };
/* End PBXFileReference section */

/* Begin PBXFrameworksBuildPhase section */
		FC6C56D5266000FB000188A6 /* Frameworks */ = {
			isa = PBXFrameworksBuildPhase;
			buildActionMask = 2147483647;
			files = (
				C4613007E58B533086856E44 /* Pods_MoodTracker.framework in Frameworks */,
			);
			runOnlyForDeploymentPostprocessing = 0;
		};
		FC6C56EB266000FD000188A6 /* Frameworks */ = {
			isa = PBXFrameworksBuildPhase;
			buildActionMask = 2147483647;
			files = (
				6206B33C0966D8C6F4BD67D0 /* Pods_MoodTrackerTests.framework in Frameworks */,
			);
			runOnlyForDeploymentPostprocessing = 0;
		};
		FC6C56F6266000FD000188A6 /* Frameworks */ = {
			isa = PBXFrameworksBuildPhase;
			buildActionMask = 2147483647;
			files = (
				F9B2CEA7664894B32BA20256 /* Pods_MoodTracker_MoodTrackerUITests.framework in Frameworks */,
			);
			runOnlyForDeploymentPostprocessing = 0;
		};
/* End PBXFrameworksBuildPhase section */

/* Begin PBXGroup section */
		9BF3A4D738F3B50EAAEDBDEA /* Frameworks */ = {
			isa = PBXGroup;
			children = (
				E84C96CB88D4B5EC3098C21E /* Pods_MoodTracker.framework */,
				EFA9938DDD0EBA7BFD0D2EB6 /* Pods_MoodTracker_MoodTrackerUITests.framework */,
				88BC917164053E2B9669134F /* Pods_MoodTrackerTests.framework */,
			);
			name = Frameworks;
			sourceTree = "<group>";
		};
		E25A0CBFFBF606B2D0AF3A14 /* Pods */ = {
			isa = PBXGroup;
			children = (
				FE567E62EC97C22098BE6314 /* Pods-MoodTracker.debug.xcconfig */,
				CA6C5EB3BF013189738B8CD1 /* Pods-MoodTracker.release.xcconfig */,
				0CA8D6736739D7600CBD0EE4 /* Pods-MoodTracker-MoodTrackerUITests.debug.xcconfig */,
				2D68912B52DABC0E63F96262 /* Pods-MoodTracker-MoodTrackerUITests.release.xcconfig */,
				00AC08954F05F8051533C779 /* Pods-MoodTrackerTests.debug.xcconfig */,
				11717DD0989A8242719EAC3A /* Pods-MoodTrackerTests.release.xcconfig */,
			);
			path = Pods;
			sourceTree = "<group>";
		};
		FC6C56CF266000FB000188A6 = {
			isa = PBXGroup;
			children = (
				FC6C56DA266000FB000188A6 /* MoodTracker */,
				FC6C56F1266000FD000188A6 /* MoodTrackerTests */,
				FC6C56FC266000FD000188A6 /* MoodTrackerUITests */,
				FC6C56D9266000FB000188A6 /* Products */,
				E25A0CBFFBF606B2D0AF3A14 /* Pods */,
				9BF3A4D738F3B50EAAEDBDEA /* Frameworks */,
			);
			sourceTree = "<group>";
		};
		FC6C56D9266000FB000188A6 /* Products */ = {
			isa = PBXGroup;
			children = (
				FC6C56D8266000FB000188A6 /* MoodTracker.app */,
				FC6C56EE266000FD000188A6 /* MoodTrackerTests.xctest */,
				FC6C56F9266000FD000188A6 /* MoodTrackerUITests.xctest */,
			);
			name = Products;
			sourceTree = "<group>";
		};
		FC6C56DA266000FB000188A6 /* MoodTracker */ = {
			isa = PBXGroup;
			children = (
				FC6C58A426613746000188A6 /* Screens */,
				FC6C58A1266136B5000188A6 /* Extensions */,
				FC6C56DB266000FB000188A6 /* AppDelegate.swift */,
				FC6C56DD266000FB000188A6 /* SceneDelegate.swift */,
				FC6C56DF266000FB000188A6 /* ViewController.swift */,
				FC6C56E1266000FB000188A6 /* Main.storyboard */,
				FC6C56E4266000FD000188A6 /* Assets.xcassets */,
				FC6C56E6266000FD000188A6 /* LaunchScreen.storyboard */,
				FC6C56E9266000FD000188A6 /* Info.plist */,
			);
			path = MoodTracker;
			sourceTree = "<group>";
		};
		FC6C56F1266000FD000188A6 /* MoodTrackerTests */ = {
			isa = PBXGroup;
			children = (
				FC6C56F2266000FD000188A6 /* MoodTrackerTests.swift */,
				FC6C56F4266000FD000188A6 /* Info.plist */,
			);
			path = MoodTrackerTests;
			sourceTree = "<group>";
		};
		FC6C56FC266000FD000188A6 /* MoodTrackerUITests */ = {
			isa = PBXGroup;
			children = (
				FC6C56FD266000FD000188A6 /* MoodTrackerUITests.swift */,
				FC6C56FF266000FD000188A6 /* Info.plist */,
			);
			path = MoodTrackerUITests;
			sourceTree = "<group>";
		};
		FC6C570B266002E0000188A6 /* Diary */ = {
			isa = PBXGroup;
			children = (
				FC6C570C26600300000188A6 /* DiaryCell.swift */,
				FC6C570E2660034E000188A6 /* DiaryVC.swift */,
				FC6C57102660038C000188A6 /* DiaryTableView.swift */,
			);
			path = Diary;
			sourceTree = "<group>";
		};
		FC6C58A1266136B5000188A6 /* Extensions */ = {
			isa = PBXGroup;
			children = (
				FC6C58A2266136E5000188A6 /* SwiftUIPreview.swift */,
			);
			path = Extensions;
			sourceTree = "<group>";
		};
		FC6C58A426613746000188A6 /* Screens */ = {
			isa = PBXGroup;
			children = (
				FC6C58A526613753000188A6 /* New note */,
				FC6C570B266002E0000188A6 /* Diary */,
			);
			path = Screens;
			sourceTree = "<group>";
		};
		FC6C58A526613753000188A6 /* New note */ = {
			isa = PBXGroup;
			children = (
				FC6C58A62661377A000188A6 /* NewNoteVC.swift */,
			);
			path = "New note";
			sourceTree = "<group>";
		};
/* End PBXGroup section */

/* Begin PBXNativeTarget section */
		FC6C56D7266000FB000188A6 /* MoodTracker */ = {
			isa = PBXNativeTarget;
			buildConfigurationList = FC6C5702266000FD000188A6 /* Build configuration list for PBXNativeTarget "MoodTracker" */;
			buildPhases = (
				1E2FC2DEC3B50C82D3C6F30D /* [CP] Check Pods Manifest.lock */,
				FC6C56D4266000FB000188A6 /* Sources */,
				FC6C56D5266000FB000188A6 /* Frameworks */,
				FC6C56D6266000FB000188A6 /* Resources */,
			);
			buildRules = (
			);
			dependencies = (
			);
			name = MoodTracker;
			productName = MoodTracker;
			productReference = FC6C56D8266000FB000188A6 /* MoodTracker.app */;
			productType = "com.apple.product-type.application";
		};
		FC6C56ED266000FD000188A6 /* MoodTrackerTests */ = {
			isa = PBXNativeTarget;
			buildConfigurationList = FC6C5705266000FD000188A6 /* Build configuration list for PBXNativeTarget "MoodTrackerTests" */;
			buildPhases = (
				A2CE2DC641F2648819FF8025 /* [CP] Check Pods Manifest.lock */,
				FC6C56EA266000FD000188A6 /* Sources */,
				FC6C56EB266000FD000188A6 /* Frameworks */,
				FC6C56EC266000FD000188A6 /* Resources */,
			);
			buildRules = (
			);
			dependencies = (
				FC6C56F0266000FD000188A6 /* PBXTargetDependency */,
			);
			name = MoodTrackerTests;
			productName = MoodTrackerTests;
			productReference = FC6C56EE266000FD000188A6 /* MoodTrackerTests.xctest */;
			productType = "com.apple.product-type.bundle.unit-test";
		};
		FC6C56F8266000FD000188A6 /* MoodTrackerUITests */ = {
			isa = PBXNativeTarget;
			buildConfigurationList = FC6C5708266000FD000188A6 /* Build configuration list for PBXNativeTarget "MoodTrackerUITests" */;
			buildPhases = (
				D60035018F8B5CF7A0AE79D5 /* [CP] Check Pods Manifest.lock */,
				FC6C56F5266000FD000188A6 /* Sources */,
				FC6C56F6266000FD000188A6 /* Frameworks */,
				FC6C56F7266000FD000188A6 /* Resources */,
			);
			buildRules = (
			);
			dependencies = (
				FC6C56FB266000FD000188A6 /* PBXTargetDependency */,
			);
			name = MoodTrackerUITests;
			productName = MoodTrackerUITests;
			productReference = FC6C56F9266000FD000188A6 /* MoodTrackerUITests.xctest */;
			productType = "com.apple.product-type.bundle.ui-testing";
		};
/* End PBXNativeTarget section */

/* Begin PBXProject section */
		FC6C56D0266000FB000188A6 /* Project object */ = {
			isa = PBXProject;
			attributes = {
				LastSwiftUpdateCheck = 1250;
				LastUpgradeCheck = 1250;
				TargetAttributes = {
					FC6C56D7266000FB000188A6 = {
						CreatedOnToolsVersion = 12.5;
					};
					FC6C56ED266000FD000188A6 = {
						CreatedOnToolsVersion = 12.5;
						TestTargetID = FC6C56D7266000FB000188A6;
					};
					FC6C56F8266000FD000188A6 = {
						CreatedOnToolsVersion = 12.5;
						TestTargetID = FC6C56D7266000FB000188A6;
					};
				};
			};
			buildConfigurationList = FC6C56D3266000FB000188A6 /* Build configuration list for PBXProject "MoodTracker" */;
			compatibilityVersion = "Xcode 9.3";
			developmentRegion = en;
			hasScannedForEncodings = 0;
			knownRegions = (
				en,
				Base,
			);
			mainGroup = FC6C56CF266000FB000188A6;
			productRefGroup = FC6C56D9266000FB000188A6 /* Products */;
			projectDirPath = "";
			projectRoot = "";
			targets = (
				FC6C56D7266000FB000188A6 /* MoodTracker */,
				FC6C56ED266000FD000188A6 /* MoodTrackerTests */,
				FC6C56F8266000FD000188A6 /* MoodTrackerUITests */,
			);
		};
/* End PBXProject section */

/* Begin PBXResourcesBuildPhase section */
		FC6C56D6266000FB000188A6 /* Resources */ = {
			isa = PBXResourcesBuildPhase;
			buildActionMask = 2147483647;
			files = (
				FC6C56E8266000FD000188A6 /* LaunchScreen.storyboard in Resources */,
				FC6C56E5266000FD000188A6 /* Assets.xcassets in Resources */,
				FC6C56E3266000FB000188A6 /* Main.storyboard in Resources */,
			);
			runOnlyForDeploymentPostprocessing = 0;
		};
		FC6C56EC266000FD000188A6 /* Resources */ = {
			isa = PBXResourcesBuildPhase;
			buildActionMask = 2147483647;
			files = (
			);
			runOnlyForDeploymentPostprocessing = 0;
		};
		FC6C56F7266000FD000188A6 /* Resources */ = {
			isa = PBXResourcesBuildPhase;
			buildActionMask = 2147483647;
			files = (
			);
			runOnlyForDeploymentPostprocessing = 0;
		};
/* End PBXResourcesBuildPhase section */

/* Begin PBXShellScriptBuildPhase section */
		1E2FC2DEC3B50C82D3C6F30D /* [CP] Check Pods Manifest.lock */ = {
			isa = PBXShellScriptBuildPhase;
			buildActionMask = 2147483647;
			files = (
			);
			inputFileListPaths = (
			);
			inputPaths = (
				"${PODS_PODFILE_DIR_PATH}/Podfile.lock",
				"${PODS_ROOT}/Manifest.lock",
			);
			name = "[CP] Check Pods Manifest.lock";
			outputFileListPaths = (
			);
			outputPaths = (
				"$(DERIVED_FILE_DIR)/Pods-MoodTracker-checkManifestLockResult.txt",
			);
			runOnlyForDeploymentPostprocessing = 0;
			shellPath = /bin/sh;
			shellScript = "diff \"${PODS_PODFILE_DIR_PATH}/Podfile.lock\" \"${PODS_ROOT}/Manifest.lock\" > /dev/null\nif [ $? != 0 ] ; then\n    # print error to STDERR\n    echo \"error: The sandbox is not in sync with the Podfile.lock. Run 'pod install' or update your CocoaPods installation.\" >&2\n    exit 1\nfi\n# This output is used by Xcode 'outputs' to avoid re-running this script phase.\necho \"SUCCESS\" > \"${SCRIPT_OUTPUT_FILE_0}\"\n";
			showEnvVarsInLog = 0;
		};
		A2CE2DC641F2648819FF8025 /* [CP] Check Pods Manifest.lock */ = {
			isa = PBXShellScriptBuildPhase;
			buildActionMask = 2147483647;
			files = (
			);
			inputFileListPaths = (
			);
			inputPaths = (
				"${PODS_PODFILE_DIR_PATH}/Podfile.lock",
				"${PODS_ROOT}/Manifest.lock",
			);
			name = "[CP] Check Pods Manifest.lock";
			outputFileListPaths = (
			);
			outputPaths = (
				"$(DERIVED_FILE_DIR)/Pods-MoodTrackerTests-checkManifestLockResult.txt",
			);
			runOnlyForDeploymentPostprocessing = 0;
			shellPath = /bin/sh;
			shellScript = "diff \"${PODS_PODFILE_DIR_PATH}/Podfile.lock\" \"${PODS_ROOT}/Manifest.lock\" > /dev/null\nif [ $? != 0 ] ; then\n    # print error to STDERR\n    echo \"error: The sandbox is not in sync with the Podfile.lock. Run 'pod install' or update your CocoaPods installation.\" >&2\n    exit 1\nfi\n# This output is used by Xcode 'outputs' to avoid re-running this script phase.\necho \"SUCCESS\" > \"${SCRIPT_OUTPUT_FILE_0}\"\n";
			showEnvVarsInLog = 0;
		};
		D60035018F8B5CF7A0AE79D5 /* [CP] Check Pods Manifest.lock */ = {
			isa = PBXShellScriptBuildPhase;
			buildActionMask = 2147483647;
			files = (
			);
			inputFileListPaths = (
			);
			inputPaths = (
				"${PODS_PODFILE_DIR_PATH}/Podfile.lock",
				"${PODS_ROOT}/Manifest.lock",
			);
			name = "[CP] Check Pods Manifest.lock";
			outputFileListPaths = (
			);
			outputPaths = (
				"$(DERIVED_FILE_DIR)/Pods-MoodTracker-MoodTrackerUITests-checkManifestLockResult.txt",
			);
			runOnlyForDeploymentPostprocessing = 0;
			shellPath = /bin/sh;
			shellScript = "diff \"${PODS_PODFILE_DIR_PATH}/Podfile.lock\" \"${PODS_ROOT}/Manifest.lock\" > /dev/null\nif [ $? != 0 ] ; then\n    # print error to STDERR\n    echo \"error: The sandbox is not in sync with the Podfile.lock. Run 'pod install' or update your CocoaPods installation.\" >&2\n    exit 1\nfi\n# This output is used by Xcode 'outputs' to avoid re-running this script phase.\necho \"SUCCESS\" > \"${SCRIPT_OUTPUT_FILE_0}\"\n";
			showEnvVarsInLog = 0;
		};
/* End PBXShellScriptBuildPhase section */

/* Begin PBXSourcesBuildPhase section */
		FC6C56D4266000FB000188A6 /* Sources */ = {
			isa = PBXSourcesBuildPhase;
			buildActionMask = 2147483647;
			files = (
				FC6C58A3266136E5000188A6 /* SwiftUIPreview.swift in Sources */,
				FC6C56E0266000FB000188A6 /* ViewController.swift in Sources */,
				FC6C57112660038C000188A6 /* DiaryTableView.swift in Sources */,
				FC6C58A72661377A000188A6 /* NewNoteVC.swift in Sources */,
				FC6C56DC266000FB000188A6 /* AppDelegate.swift in Sources */,
				FC6C570F2660034E000188A6 /* DiaryVC.swift in Sources */,
				FC6C56DE266000FB000188A6 /* SceneDelegate.swift in Sources */,
				FC6C570D26600300000188A6 /* DiaryCell.swift in Sources */,
			);
			runOnlyForDeploymentPostprocessing = 0;
		};
		FC6C56EA266000FD000188A6 /* Sources */ = {
			isa = PBXSourcesBuildPhase;
			buildActionMask = 2147483647;
			files = (
				FC6C56F3266000FD000188A6 /* MoodTrackerTests.swift in Sources */,
			);
			runOnlyForDeploymentPostprocessing = 0;
		};
		FC6C56F5266000FD000188A6 /* Sources */ = {
			isa = PBXSourcesBuildPhase;
			buildActionMask = 2147483647;
			files = (
				FC6C56FE266000FD000188A6 /* MoodTrackerUITests.swift in Sources */,
			);
			runOnlyForDeploymentPostprocessing = 0;
		};
/* End PBXSourcesBuildPhase section */

/* Begin PBXTargetDependency section */
		FC6C56F0266000FD000188A6 /* PBXTargetDependency */ = {
			isa = PBXTargetDependency;
			target = FC6C56D7266000FB000188A6 /* MoodTracker */;
			targetProxy = FC6C56EF266000FD000188A6 /* PBXContainerItemProxy */;
		};
		FC6C56FB266000FD000188A6 /* PBXTargetDependency */ = {
			isa = PBXTargetDependency;
			target = FC6C56D7266000FB000188A6 /* MoodTracker */;
			targetProxy = FC6C56FA266000FD000188A6 /* PBXContainerItemProxy */;
		};
/* End PBXTargetDependency section */

/* Begin PBXVariantGroup section */
		FC6C56E1266000FB000188A6 /* Main.storyboard */ = {
			isa = PBXVariantGroup;
			children = (
				FC6C56E2266000FB000188A6 /* Base */,
			);
			name = Main.storyboard;
			sourceTree = "<group>";
		};
		FC6C56E6266000FD000188A6 /* LaunchScreen.storyboard */ = {
			isa = PBXVariantGroup;
			children = (
				FC6C56E7266000FD000188A6 /* Base */,
			);
			name = LaunchScreen.storyboard;
			sourceTree = "<group>";
		};
/* End PBXVariantGroup section */

/* Begin XCBuildConfiguration section */
		FC6C5700266000FD000188A6 /* Debug */ = {
			isa = XCBuildConfiguration;
			buildSettings = {
				ALWAYS_SEARCH_USER_PATHS = NO;
				CLANG_ANALYZER_NONNULL = YES;
				CLANG_ANALYZER_NUMBER_OBJECT_CONVERSION = YES_AGGRESSIVE;
				CLANG_CXX_LANGUAGE_STANDARD = "gnu++14";
				CLANG_CXX_LIBRARY = "libc++";
				CLANG_ENABLE_MODULES = YES;
				CLANG_ENABLE_OBJC_ARC = YES;
				CLANG_ENABLE_OBJC_WEAK = YES;
				CLANG_WARN_BLOCK_CAPTURE_AUTORELEASING = YES;
				CLANG_WARN_BOOL_CONVERSION = YES;
				CLANG_WARN_COMMA = YES;
				CLANG_WARN_CONSTANT_CONVERSION = YES;
				CLANG_WARN_DEPRECATED_OBJC_IMPLEMENTATIONS = YES;
				CLANG_WARN_DIRECT_OBJC_ISA_USAGE = YES_ERROR;
				CLANG_WARN_DOCUMENTATION_COMMENTS = YES;
				CLANG_WARN_EMPTY_BODY = YES;
				CLANG_WARN_ENUM_CONVERSION = YES;
				CLANG_WARN_INFINITE_RECURSION = YES;
				CLANG_WARN_INT_CONVERSION = YES;
				CLANG_WARN_NON_LITERAL_NULL_CONVERSION = YES;
				CLANG_WARN_OBJC_IMPLICIT_RETAIN_SELF = YES;
				CLANG_WARN_OBJC_LITERAL_CONVERSION = YES;
				CLANG_WARN_OBJC_ROOT_CLASS = YES_ERROR;
				CLANG_WARN_QUOTED_INCLUDE_IN_FRAMEWORK_HEADER = YES;
				CLANG_WARN_RANGE_LOOP_ANALYSIS = YES;
				CLANG_WARN_STRICT_PROTOTYPES = YES;
				CLANG_WARN_SUSPICIOUS_MOVE = YES;
				CLANG_WARN_UNGUARDED_AVAILABILITY = YES_AGGRESSIVE;
				CLANG_WARN_UNREACHABLE_CODE = YES;
				CLANG_WARN__DUPLICATE_METHOD_MATCH = YES;
				COPY_PHASE_STRIP = NO;
				DEBUG_INFORMATION_FORMAT = dwarf;
				ENABLE_STRICT_OBJC_MSGSEND = YES;
				ENABLE_TESTABILITY = YES;
				GCC_C_LANGUAGE_STANDARD = gnu11;
				GCC_DYNAMIC_NO_PIC = NO;
				GCC_NO_COMMON_BLOCKS = YES;
				GCC_OPTIMIZATION_LEVEL = 0;
				GCC_PREPROCESSOR_DEFINITIONS = (
					"DEBUG=1",
					"$(inherited)",
				);
				GCC_WARN_64_TO_32_BIT_CONVERSION = YES;
				GCC_WARN_ABOUT_RETURN_TYPE = YES_ERROR;
				GCC_WARN_UNDECLARED_SELECTOR = YES;
				GCC_WARN_UNINITIALIZED_AUTOS = YES_AGGRESSIVE;
				GCC_WARN_UNUSED_FUNCTION = YES;
				GCC_WARN_UNUSED_VARIABLE = YES;
				IPHONEOS_DEPLOYMENT_TARGET = 14.5;
				MTL_ENABLE_DEBUG_INFO = INCLUDE_SOURCE;
				MTL_FAST_MATH = YES;
				ONLY_ACTIVE_ARCH = YES;
				SDKROOT = iphoneos;
				SWIFT_ACTIVE_COMPILATION_CONDITIONS = DEBUG;
				SWIFT_OPTIMIZATION_LEVEL = "-Onone";
			};
			name = Debug;
		};
		FC6C5701266000FD000188A6 /* Release */ = {
			isa = XCBuildConfiguration;
			buildSettings = {
				ALWAYS_SEARCH_USER_PATHS = NO;
				CLANG_ANALYZER_NONNULL = YES;
				CLANG_ANALYZER_NUMBER_OBJECT_CONVERSION = YES_AGGRESSIVE;
				CLANG_CXX_LANGUAGE_STANDARD = "gnu++14";
				CLANG_CXX_LIBRARY = "libc++";
				CLANG_ENABLE_MODULES = YES;
				CLANG_ENABLE_OBJC_ARC = YES;
				CLANG_ENABLE_OBJC_WEAK = YES;
				CLANG_WARN_BLOCK_CAPTURE_AUTORELEASING = YES;
				CLANG_WARN_BOOL_CONVERSION = YES;
				CLANG_WARN_COMMA = YES;
				CLANG_WARN_CONSTANT_CONVERSION = YES;
				CLANG_WARN_DEPRECATED_OBJC_IMPLEMENTATIONS = YES;
				CLANG_WARN_DIRECT_OBJC_ISA_USAGE = YES_ERROR;
				CLANG_WARN_DOCUMENTATION_COMMENTS = YES;
				CLANG_WARN_EMPTY_BODY = YES;
				CLANG_WARN_ENUM_CONVERSION = YES;
				CLANG_WARN_INFINITE_RECURSION = YES;
				CLANG_WARN_INT_CONVERSION = YES;
				CLANG_WARN_NON_LITERAL_NULL_CONVERSION = YES;
				CLANG_WARN_OBJC_IMPLICIT_RETAIN_SELF = YES;
				CLANG_WARN_OBJC_LITERAL_CONVERSION = YES;
				CLANG_WARN_OBJC_ROOT_CLASS = YES_ERROR;
				CLANG_WARN_QUOTED_INCLUDE_IN_FRAMEWORK_HEADER = YES;
				CLANG_WARN_RANGE_LOOP_ANALYSIS = YES;
				CLANG_WARN_STRICT_PROTOTYPES = YES;
				CLANG_WARN_SUSPICIOUS_MOVE = YES;
				CLANG_WARN_UNGUARDED_AVAILABILITY = YES_AGGRESSIVE;
				CLANG_WARN_UNREACHABLE_CODE = YES;
				CLANG_WARN__DUPLICATE_METHOD_MATCH = YES;
				COPY_PHASE_STRIP = NO;
				DEBUG_INFORMATION_FORMAT = "dwarf-with-dsym";
				ENABLE_NS_ASSERTIONS = NO;
				ENABLE_STRICT_OBJC_MSGSEND = YES;
				GCC_C_LANGUAGE_STANDARD = gnu11;
				GCC_NO_COMMON_BLOCKS = YES;
				GCC_WARN_64_TO_32_BIT_CONVERSION = YES;
				GCC_WARN_ABOUT_RETURN_TYPE = YES_ERROR;
				GCC_WARN_UNDECLARED_SELECTOR = YES;
				GCC_WARN_UNINITIALIZED_AUTOS = YES_AGGRESSIVE;
				GCC_WARN_UNUSED_FUNCTION = YES;
				GCC_WARN_UNUSED_VARIABLE = YES;
				IPHONEOS_DEPLOYMENT_TARGET = 14.5;
				MTL_ENABLE_DEBUG_INFO = NO;
				MTL_FAST_MATH = YES;
				SDKROOT = iphoneos;
				SWIFT_COMPILATION_MODE = wholemodule;
				SWIFT_OPTIMIZATION_LEVEL = "-O";
				VALIDATE_PRODUCT = YES;
			};
			name = Release;
		};
		FC6C5703266000FD000188A6 /* Debug */ = {
			isa = XCBuildConfiguration;
			baseConfigurationReference = FE567E62EC97C22098BE6314 /* Pods-MoodTracker.debug.xcconfig */;
			buildSettings = {
				ASSETCATALOG_COMPILER_APPICON_NAME = AppIcon;
				ASSETCATALOG_COMPILER_GLOBAL_ACCENT_COLOR_NAME = AccentColor;
				CODE_SIGN_STYLE = Automatic;
				DEVELOPMENT_TEAM = 6389Z2D8J8;
				INFOPLIST_FILE = MoodTracker/Info.plist;
				LD_RUNPATH_SEARCH_PATHS = (
					"$(inherited)",
					"@executable_path/Frameworks",
				);
				PRODUCT_BUNDLE_IDENTIFIER = com.sava.MoodTracker;
				PRODUCT_NAME = "$(TARGET_NAME)";
				SWIFT_VERSION = 5.0;
				TARGETED_DEVICE_FAMILY = "1,2";
			};
			name = Debug;
		};
		FC6C5704266000FD000188A6 /* Release */ = {
			isa = XCBuildConfiguration;
			baseConfigurationReference = CA6C5EB3BF013189738B8CD1 /* Pods-MoodTracker.release.xcconfig */;
			buildSettings = {
				ASSETCATALOG_COMPILER_APPICON_NAME = AppIcon;
				ASSETCATALOG_COMPILER_GLOBAL_ACCENT_COLOR_NAME = AccentColor;
				CODE_SIGN_STYLE = Automatic;
				DEVELOPMENT_TEAM = 6389Z2D8J8;
				INFOPLIST_FILE = MoodTracker/Info.plist;
				LD_RUNPATH_SEARCH_PATHS = (
					"$(inherited)",
					"@executable_path/Frameworks",
				);
				PRODUCT_BUNDLE_IDENTIFIER = com.sava.MoodTracker;
				PRODUCT_NAME = "$(TARGET_NAME)";
				SWIFT_VERSION = 5.0;
				TARGETED_DEVICE_FAMILY = "1,2";
			};
			name = Release;
		};
		FC6C5706266000FD000188A6 /* Debug */ = {
			isa = XCBuildConfiguration;
			baseConfigurationReference = 00AC08954F05F8051533C779 /* Pods-MoodTrackerTests.debug.xcconfig */;
			buildSettings = {
				ALWAYS_EMBED_SWIFT_STANDARD_LIBRARIES = YES;
				BUNDLE_LOADER = "$(TEST_HOST)";
				CODE_SIGN_STYLE = Automatic;
				DEVELOPMENT_TEAM = 6389Z2D8J8;
				INFOPLIST_FILE = MoodTrackerTests/Info.plist;
				IPHONEOS_DEPLOYMENT_TARGET = 14.5;
				LD_RUNPATH_SEARCH_PATHS = (
					"$(inherited)",
					"@executable_path/Frameworks",
					"@loader_path/Frameworks",
				);
				PRODUCT_BUNDLE_IDENTIFIER = com.sava.MoodTrackerTests;
				PRODUCT_NAME = "$(TARGET_NAME)";
				SWIFT_VERSION = 5.0;
				TARGETED_DEVICE_FAMILY = "1,2";
				TEST_HOST = "$(BUILT_PRODUCTS_DIR)/MoodTracker.app/MoodTracker";
			};
			name = Debug;
		};
		FC6C5707266000FD000188A6 /* Release */ = {
			isa = XCBuildConfiguration;
			baseConfigurationReference = 11717DD0989A8242719EAC3A /* Pods-MoodTrackerTests.release.xcconfig */;
			buildSettings = {
				ALWAYS_EMBED_SWIFT_STANDARD_LIBRARIES = YES;
				BUNDLE_LOADER = "$(TEST_HOST)";
				CODE_SIGN_STYLE = Automatic;
				DEVELOPMENT_TEAM = 6389Z2D8J8;
				INFOPLIST_FILE = MoodTrackerTests/Info.plist;
				IPHONEOS_DEPLOYMENT_TARGET = 14.5;
				LD_RUNPATH_SEARCH_PATHS = (
					"$(inherited)",
					"@executable_path/Frameworks",
					"@loader_path/Frameworks",
				);
				PRODUCT_BUNDLE_IDENTIFIER = com.sava.MoodTrackerTests;
				PRODUCT_NAME = "$(TARGET_NAME)";
				SWIFT_VERSION = 5.0;
				TARGETED_DEVICE_FAMILY = "1,2";
				TEST_HOST = "$(BUILT_PRODUCTS_DIR)/MoodTracker.app/MoodTracker";
			};
			name = Release;
		};
		FC6C5709266000FD000188A6 /* Debug */ = {
			isa = XCBuildConfiguration;
			baseConfigurationReference = 0CA8D6736739D7600CBD0EE4 /* Pods-MoodTracker-MoodTrackerUITests.debug.xcconfig */;
			buildSettings = {
				ALWAYS_EMBED_SWIFT_STANDARD_LIBRARIES = YES;
				CODE_SIGN_STYLE = Automatic;
				DEVELOPMENT_TEAM = 6389Z2D8J8;
				INFOPLIST_FILE = MoodTrackerUITests/Info.plist;
				LD_RUNPATH_SEARCH_PATHS = (
					"$(inherited)",
					"@executable_path/Frameworks",
					"@loader_path/Frameworks",
				);
				PRODUCT_BUNDLE_IDENTIFIER = com.sava.MoodTrackerUITests;
				PRODUCT_NAME = "$(TARGET_NAME)";
				SWIFT_VERSION = 5.0;
				TARGETED_DEVICE_FAMILY = "1,2";
				TEST_TARGET_NAME = MoodTracker;
			};
			name = Debug;
		};
		FC6C570A266000FD000188A6 /* Release */ = {
			isa = XCBuildConfiguration;
			baseConfigurationReference = 2D68912B52DABC0E63F96262 /* Pods-MoodTracker-MoodTrackerUITests.release.xcconfig */;
			buildSettings = {
				ALWAYS_EMBED_SWIFT_STANDARD_LIBRARIES = YES;
				CODE_SIGN_STYLE = Automatic;
				DEVELOPMENT_TEAM = 6389Z2D8J8;
				INFOPLIST_FILE = MoodTrackerUITests/Info.plist;
				LD_RUNPATH_SEARCH_PATHS = (
					"$(inherited)",
					"@executable_path/Frameworks",
					"@loader_path/Frameworks",
				);
				PRODUCT_BUNDLE_IDENTIFIER = com.sava.MoodTrackerUITests;
				PRODUCT_NAME = "$(TARGET_NAME)";
				SWIFT_VERSION = 5.0;
				TARGETED_DEVICE_FAMILY = "1,2";
				TEST_TARGET_NAME = MoodTracker;
			};
			name = Release;
		};
/* End XCBuildConfiguration section */

/* Begin XCConfigurationList section */
		FC6C56D3266000FB000188A6 /* Build configuration list for PBXProject "MoodTracker" */ = {
			isa = XCConfigurationList;
			buildConfigurations = (
				FC6C5700266000FD000188A6 /* Debug */,
				FC6C5701266000FD000188A6 /* Release */,
			);
			defaultConfigurationIsVisible = 0;
			defaultConfigurationName = Release;
		};
		FC6C5702266000FD000188A6 /* Build configuration list for PBXNativeTarget "MoodTracker" */ = {
			isa = XCConfigurationList;
			buildConfigurations = (
				FC6C5703266000FD000188A6 /* Debug */,
				FC6C5704266000FD000188A6 /* Release */,
			);
			defaultConfigurationIsVisible = 0;
			defaultConfigurationName = Release;
		};
		FC6C5705266000FD000188A6 /* Build configuration list for PBXNativeTarget "MoodTrackerTests" */ = {
			isa = XCConfigurationList;
			buildConfigurations = (
				FC6C5706266000FD000188A6 /* Debug */,
				FC6C5707266000FD000188A6 /* Release */,
			);
			defaultConfigurationIsVisible = 0;
			defaultConfigurationName = Release;
		};
		FC6C5708266000FD000188A6 /* Build configuration list for PBXNativeTarget "MoodTrackerUITests" */ = {
			isa = XCConfigurationList;
			buildConfigurations = (
				FC6C5709266000FD000188A6 /* Debug */,
				FC6C570A266000FD000188A6 /* Release */,
			);
			defaultConfigurationIsVisible = 0;
			defaultConfigurationName = Release;
		};
/* End XCConfigurationList section */
	};
	rootObject = FC6C56D0266000FB000188A6 /* Project object */;
}
