PODS:
  - Charts (4.1.0):
    - Charts/Core (= 4.1.0)
  - Charts/Core (4.1.0):
    - SwiftAlgorithms (~> 1.0)
  - SwiftAlgorithms (1.0.0)
  - SwiftLint (0.50.1)

DEPENDENCIES:
  - Charts (~> 4.1.0)
  - SwiftLint

SPEC REPOS:
  trunk:
    - Charts
    - SwiftAlgorithms
    - SwiftLint

SPEC CHECKSUMS:
  Charts: 354f86803d11d9c35de280587fef50d1af063978
  SwiftAlgorithms: 38dda4731d19027fdeee1125f973111bf3386b53
  SwiftLint: 6b0cf1f4d619808dbc16e4fab064ce6fc79f090b

PODFILE CHECKSUM: b99fdecdb4f82b5212027d4d31502a61f073e8ba

COCOAPODS: 1.11.3
