PODS:
  - Charts (4.0.2):
    - Charts/Core (= 4.0.2)
  - Charts/Core (4.0.2):
    - SwiftAlgorithms (~> 1.0)
  - SwiftAlgorithms (1.0.0)
  - SwiftLint (0.47.1)

DEPENDENCIES:
  - Charts
  - SwiftLint

SPEC REPOS:
  trunk:
    - Charts
    - SwiftAlgorithms
    - SwiftLint

SPEC CHECKSUMS:
  Charts: cfa4e911e6dc289582c2fe011a0e87c03d96727f
  SwiftAlgorithms: 38dda4731d19027fdeee1125f973111bf3386b53
  SwiftLint: f80f1be7fa96d30e0aa68e58d45d4ea1ccaac519

PODFILE CHECKSUM: f87924c7c1cb1ceb95c2ab97a8f65d5e7a1fd394

COCOAPODS: 1.11.3
