{
  "object": {
    "pins": [
      {
        "package": "ALPopup",
        "repositoryURL": "https://github.com/alxrguz/ALPopup",
        "state": {
          "branch": null,
          "revision": "9c4d5527d2ba12fefeb289f365ae92b670979f8d",
          "version": "1.0.9"
        }
      },
      {
        "package": "IQKeyboardManagerSwift",
        "repositoryURL": "https://github.com/hackiftekhar/IQKeyboardManager.git",
        "state": {
          "branch": null,
          "revision": "4dc6bc7d1c9747bd0c261c8c055903f9fdef91f7",
          "version": "6.5.6"
        }
      },
      {
        "package": "Realm",
        "repositoryURL": "https://github.com/realm/realm-cocoa.git",
        "state": {
          "branch": null,
          "revision": "83a07f6a508c3427058d9e2c466208d0b6a960fa",
          "version": "10.12.0"
        }
      },
      {
        "package": "RealmDatabase",
        "repositoryURL": "https://github.com/realm/realm-core",
        "state": {
          "branch": null,
          "revision": "e72b3078bfc5c3f69a0b18f7a220be27e28c463f",
          "version": "11.2.0"
        }
      },
      {
        "package": "SnapKit",
        "repositoryURL": "https://github.com/SnapKit/SnapKit.git",
        "state": {
          "branch": null,
          "revision": "d458564516e5676af9c70b4f4b2a9178294f1bc6",
          "version": "5.0.1"
        }
      },
      {
        "package": "SPAlert",
        "repositoryURL": "https://github.com/ivanvorobei/SPAlert.git",
        "state": {
          "branch": null,
          "revision": "6ddb588018625ac7da49a578327bfdb1d8ce9b68",
          "version": "3.3.1"
        }
      },
      {
        "package": "SPIndicator",
        "repositoryURL": "https://github.com/ivanvorobei/SPIndicator.git",
        "state": {
          "branch": null,
          "revision": "ec54c0e60a038ef7290280259638fcc22f0ceb69",
          "version": "1.3.1"
        }
      }
    ]
  },
  "version": 1
}
